// !$*UTF8*$!
{
	archiveVersion = 1;
	classes = {
	};
	objectVersion = 46;
	objects = {

/* Begin PBXBuildFile section */
		68C886C514FD718C00DF473B /* ImprovTableViewCell.m in Sources */ = {isa = PBXBuildFile; fileRef = 68C886C414FD718C00DF473B /* ImprovTableViewCell.m */; };
		68C886CB14FD76A600DF473B /* 10fingers.png in Resources */ = {isa = PBXBuildFile; fileRef = 68C886C714FD76A600DF473B /* 10fingers.png */; };
		68C886CC14FD76A600DF473B /* 10fingers@2x.png in Resources */ = {isa = PBXBuildFile; fileRef = 68C886C814FD76A600DF473B /* 10fingers@2x.png */; };
		68C886CD14FD76A600DF473B /* 3series.png in Resources */ = {isa = PBXBuildFile; fileRef = 68C886C914FD76A600DF473B /* 3series.png */; };
		68C886CE14FD76A600DF473B /* 3series@2x.png in Resources */ = {isa = PBXBuildFile; fileRef = 68C886CA14FD76A600DF473B /* 3series@2x.png */; };
		68C886D414FD7B5300DF473B /* ImprovModel.xcdatamodeld in Sources */ = {isa = PBXBuildFile; fileRef = 68C886D214FD7B5300DF473B /* ImprovModel.xcdatamodeld */; };
		68C8872C14FD7E2100DF473B /* CoreData.framework in Frameworks */ = {isa = PBXBuildFile; fileRef = 68C8872B14FD7E2100DF473B /* CoreData.framework */; };
		68C8872F14FD7E6700DF473B /* Game.m in Sources */ = {isa = PBXBuildFile; fileRef = 68C8872E14FD7E6700DF473B /* Game.m */; };
		68C8873214FD7E7600DF473B /* Tag.m in Sources */ = {isa = PBXBuildFile; fileRef = 68C8873114FD7E7600DF473B /* Tag.m */; };
		F280FE4514E89D6E00C7C7A0 /* lamp.png in Resources */ = {isa = PBXBuildFile; fileRef = F280FE4314E89D6E00C7C7A0 /* lamp.png */; };
		F280FE4614E89D6E00C7C7A0 /* lamp@2x.png in Resources */ = {isa = PBXBuildFile; fileRef = F280FE4414E89D6E00C7C7A0 /* lamp@2x.png */; };
		F286101414DB6B410014B045 /* UIKit.framework in Frameworks */ = {isa = PBXBuildFile; fileRef = F286101314DB6B410014B045 /* UIKit.framework */; };
		F286101614DB6B410014B045 /* Foundation.framework in Frameworks */ = {isa = PBXBuildFile; fileRef = F286101514DB6B410014B045 /* Foundation.framework */; };
		F286101814DB6B410014B045 /* CoreGraphics.framework in Frameworks */ = {isa = PBXBuildFile; fileRef = F286101714DB6B410014B045 /* CoreGraphics.framework */; };
		F286101E14DB6B410014B045 /* InfoPlist.strings in Resources */ = {isa = PBXBuildFile; fileRef = F286101C14DB6B410014B045 /* InfoPlist.strings */; };
		F286102014DB6B410014B045 /* main.m in Sources */ = {isa = PBXBuildFile; fileRef = F286101F14DB6B410014B045 /* main.m */; };
		F286102414DB6B410014B045 /* AppDelegate.m in Sources */ = {isa = PBXBuildFile; fileRef = F286102314DB6B410014B045 /* AppDelegate.m */; };
		F286102714DB6B410014B045 /* GamesTableViewController.m in Sources */ = {isa = PBXBuildFile; fileRef = F286102614DB6B410014B045 /* GamesTableViewController.m */; };
		F29B4F0B14E88C7700F57207 /* dice@2x.png in Resources */ = {isa = PBXBuildFile; fileRef = F29B4F0714E88C7700F57207 /* dice@2x.png */; };
		F29B4F0C14E88C7700F57207 /* dice.png in Resources */ = {isa = PBXBuildFile; fileRef = F29B4F0814E88C7700F57207 /* dice.png */; };
		F29B4F0D14E88C7700F57207 /* sliders@2x.png in Resources */ = {isa = PBXBuildFile; fileRef = F29B4F0914E88C7700F57207 /* sliders@2x.png */; };
		F29B4F0E14E88C7700F57207 /* sliders.png in Resources */ = {isa = PBXBuildFile; fileRef = F29B4F0A14E88C7700F57207 /* sliders.png */; };
		F29B4F1114E88D9900F57207 /* equalizer.png in Resources */ = {isa = PBXBuildFile; fileRef = F29B4F0F14E88D9800F57207 /* equalizer.png */; };
		F29B4F1214E88D9900F57207 /* equalizer@2x.png in Resources */ = {isa = PBXBuildFile; fileRef = F29B4F1014E88D9800F57207 /* equalizer@2x.png */; };
		F29B4F1414E8913B00F57207 /* ImprovGames.plist in Resources */ = {isa = PBXBuildFile; fileRef = F29B4F1314E8913B00F57207 /* ImprovGames.plist */; };
/* End PBXBuildFile section */

/* Begin PBXFileReference section */
		68C886C314FD718C00DF473B /* ImprovTableViewCell.h */ = {isa = PBXFileReference; fileEncoding = 4; lastKnownFileType = sourcecode.c.h; path = ImprovTableViewCell.h; sourceTree = "<group>"; };
		68C886C414FD718C00DF473B /* ImprovTableViewCell.m */ = {isa = PBXFileReference; fileEncoding = 4; lastKnownFileType = sourcecode.c.objc; path = ImprovTableViewCell.m; sourceTree = "<group>"; };
		68C886C714FD76A600DF473B /* 10fingers.png */ = {isa = PBXFileReference; lastKnownFileType = image.png; path = 10fingers.png; sourceTree = "<group>"; };
		68C886C814FD76A600DF473B /* 10fingers@2x.png */ = {isa = PBXFileReference; lastKnownFileType = image.png; path = "10fingers@2x.png"; sourceTree = "<group>"; };
		68C886C914FD76A600DF473B /* 3series.png */ = {isa = PBXFileReference; lastKnownFileType = image.png; path = 3series.png; sourceTree = "<group>"; };
		68C886CA14FD76A600DF473B /* 3series@2x.png */ = {isa = PBXFileReference; lastKnownFileType = image.png; path = "3series@2x.png"; sourceTree = "<group>"; };
		68C886D314FD7B5300DF473B /* ImprovModel.xcdatamodel */ = {isa = PBXFileReference; lastKnownFileType = wrapper.xcdatamodel; path = ImprovModel.xcdatamodel; sourceTree = "<group>"; };
		68C8872B14FD7E2100DF473B /* CoreData.framework */ = {isa = PBXFileReference; lastKnownFileType = wrapper.framework; name = CoreData.framework; path = System/Library/Frameworks/CoreData.framework; sourceTree = SDKROOT; };
		68C8872D14FD7E6700DF473B /* Game.h */ = {isa = PBXFileReference; fileEncoding = 4; lastKnownFileType = sourcecode.c.h; path = Game.h; sourceTree = "<group>"; };
		68C8872E14FD7E6700DF473B /* Game.m */ = {isa = PBXFileReference; fileEncoding = 4; lastKnownFileType = sourcecode.c.objc; path = Game.m; sourceTree = "<group>"; };
		68C8873014FD7E7600DF473B /* Tag.h */ = {isa = PBXFileReference; fileEncoding = 4; lastKnownFileType = sourcecode.c.h; path = Tag.h; sourceTree = "<group>"; };
		68C8873114FD7E7600DF473B /* Tag.m */ = {isa = PBXFileReference; fileEncoding = 4; lastKnownFileType = sourcecode.c.objc; path = Tag.m; sourceTree = "<group>"; };
		F280FE4314E89D6E00C7C7A0 /* lamp.png */ = {isa = PBXFileReference; lastKnownFileType = image.png; path = lamp.png; sourceTree = "<group>"; };
		F280FE4414E89D6E00C7C7A0 /* lamp@2x.png */ = {isa = PBXFileReference; lastKnownFileType = image.png; path = "lamp@2x.png"; sourceTree = "<group>"; };
		F286100F14DB6B410014B045 /* Improv.app */ = {isa = PBXFileReference; explicitFileType = wrapper.application; includeInIndex = 0; path = Improv.app; sourceTree = BUILT_PRODUCTS_DIR; };
		F286101314DB6B410014B045 /* UIKit.framework */ = {isa = PBXFileReference; lastKnownFileType = wrapper.framework; name = UIKit.framework; path = System/Library/Frameworks/UIKit.framework; sourceTree = SDKROOT; };
		F286101514DB6B410014B045 /* Foundation.framework */ = {isa = PBXFileReference; lastKnownFileType = wrapper.framework; name = Foundation.framework; path = System/Library/Frameworks/Foundation.framework; sourceTree = SDKROOT; };
		F286101714DB6B410014B045 /* CoreGraphics.framework */ = {isa = PBXFileReference; lastKnownFileType = wrapper.framework; name = CoreGraphics.framework; path = System/Library/Frameworks/CoreGraphics.framework; sourceTree = SDKROOT; };
		F286101B14DB6B410014B045 /* Improv-Info.plist */ = {isa = PBXFileReference; lastKnownFileType = text.plist.xml; path = "Improv-Info.plist"; sourceTree = "<group>"; };
		F286101D14DB6B410014B045 /* en */ = {isa = PBXFileReference; lastKnownFileType = text.plist.strings; name = en; path = en.lproj/InfoPlist.strings; sourceTree = "<group>"; };
		F286101F14DB6B410014B045 /* main.m */ = {isa = PBXFileReference; lastKnownFileType = sourcecode.c.objc; path = main.m; sourceTree = "<group>"; };
		F286102114DB6B410014B045 /* Improv-Prefix.pch */ = {isa = PBXFileReference; lastKnownFileType = sourcecode.c.h; path = "Improv-Prefix.pch"; sourceTree = "<group>"; };
		F286102214DB6B410014B045 /* AppDelegate.h */ = {isa = PBXFileReference; lastKnownFileType = sourcecode.c.h; path = AppDelegate.h; sourceTree = "<group>"; };
		F286102314DB6B410014B045 /* AppDelegate.m */ = {isa = PBXFileReference; lastKnownFileType = sourcecode.c.objc; path = AppDelegate.m; sourceTree = "<group>"; };
		F286102514DB6B410014B045 /* GamesTableViewController.h */ = {isa = PBXFileReference; lastKnownFileType = sourcecode.c.h; path = GamesTableViewController.h; sourceTree = "<group>"; };
		F286102614DB6B410014B045 /* GamesTableViewController.m */ = {isa = PBXFileReference; lastKnownFileType = sourcecode.c.objc; path = GamesTableViewController.m; sourceTree = "<group>"; };
		F29B4F0714E88C7700F57207 /* dice@2x.png */ = {isa = PBXFileReference; lastKnownFileType = image.png; path = "dice@2x.png"; sourceTree = "<group>"; };
		F29B4F0814E88C7700F57207 /* dice.png */ = {isa = PBXFileReference; lastKnownFileType = image.png; path = dice.png; sourceTree = "<group>"; };
		F29B4F0914E88C7700F57207 /* sliders@2x.png */ = {isa = PBXFileReference; lastKnownFileType = image.png; path = "sliders@2x.png"; sourceTree = "<group>"; };
		F29B4F0A14E88C7700F57207 /* sliders.png */ = {isa = PBXFileReference; lastKnownFileType = image.png; path = sliders.png; sourceTree = "<group>"; };
		F29B4F0F14E88D9800F57207 /* equalizer.png */ = {isa = PBXFileReference; lastKnownFileType = image.png; path = equalizer.png; sourceTree = "<group>"; };
		F29B4F1014E88D9800F57207 /* equalizer@2x.png */ = {isa = PBXFileReference; lastKnownFileType = image.png; path = "equalizer@2x.png"; sourceTree = "<group>"; };
		F29B4F1314E8913B00F57207 /* ImprovGames.plist */ = {isa = PBXFileReference; fileEncoding = 4; lastKnownFileType = text.plist.xml; path = ImprovGames.plist; sourceTree = "<group>"; };
/* End PBXFileReference section */

/* Begin PBXFrameworksBuildPhase section */
		F286100C14DB6B410014B045 /* Frameworks */ = {
			isa = PBXFrameworksBuildPhase;
			buildActionMask = 2147483647;
			files = (
				68C8872C14FD7E2100DF473B /* CoreData.framework in Frameworks */,
				F286101414DB6B410014B045 /* UIKit.framework in Frameworks */,
				F286101614DB6B410014B045 /* Foundation.framework in Frameworks */,
				F286101814DB6B410014B045 /* CoreGraphics.framework in Frameworks */,
			);
			runOnlyForDeploymentPostprocessing = 0;
		};
/* End PBXFrameworksBuildPhase section */

/* Begin PBXGroup section */
		68C8873314FD7E7B00DF473B /* Model */ = {
			isa = PBXGroup;
			children = (
				F29B4F1314E8913B00F57207 /* ImprovGames.plist */,
				68C8873014FD7E7600DF473B /* Tag.h */,
				68C8873114FD7E7600DF473B /* Tag.m */,
				68C8872D14FD7E6700DF473B /* Game.h */,
				68C8872E14FD7E6700DF473B /* Game.m */,
				68C886D214FD7B5300DF473B /* ImprovModel.xcdatamodeld */,
			);
			name = Model;
			sourceTree = "<group>";
		};
		F286100414DB6B410014B045 = {
			isa = PBXGroup;
			children = (
				68C8872B14FD7E2100DF473B /* CoreData.framework */,
				F286101914DB6B410014B045 /* Improv */,
				F286101214DB6B410014B045 /* Frameworks */,
				F286101014DB6B410014B045 /* Products */,
			);
			sourceTree = "<group>";
		};
		F286101014DB6B410014B045 /* Products */ = {
			isa = PBXGroup;
			children = (
				F286100F14DB6B410014B045 /* Improv.app */,
			);
			name = Products;
			sourceTree = "<group>";
		};
		F286101214DB6B410014B045 /* Frameworks */ = {
			isa = PBXGroup;
			children = (
				F286101314DB6B410014B045 /* UIKit.framework */,
				F286101514DB6B410014B045 /* Foundation.framework */,
				F286101714DB6B410014B045 /* CoreGraphics.framework */,
			);
			name = Frameworks;
			sourceTree = "<group>";
		};
		F286101914DB6B410014B045 /* Improv */ = {
			isa = PBXGroup;
			children = (
				68C8873314FD7E7B00DF473B /* Model */,
				F286102214DB6B410014B045 /* AppDelegate.h */,
				F286102314DB6B410014B045 /* AppDelegate.m */,
				F286102514DB6B410014B045 /* GamesTableViewController.h */,
				F286102614DB6B410014B045 /* GamesTableViewController.m */,
				68C886C314FD718C00DF473B /* ImprovTableViewCell.h */,
				68C886C414FD718C00DF473B /* ImprovTableViewCell.m */,
				F286101A14DB6B410014B045 /* Supporting Files */,
			);
			path = Improv;
			sourceTree = "<group>";
		};
		F286101A14DB6B410014B045 /* Supporting Files */ = {
			isa = PBXGroup;
			children = (
				68C886C714FD76A600DF473B /* 10fingers.png */,
				68C886C814FD76A600DF473B /* 10fingers@2x.png */,
				68C886C914FD76A600DF473B /* 3series.png */,
				68C886CA14FD76A600DF473B /* 3series@2x.png */,
				F29B4F0514E88C6C00F57207 /* Images */,
				F286101B14DB6B410014B045 /* Improv-Info.plist */,
				F286101C14DB6B410014B045 /* InfoPlist.strings */,
				F286101F14DB6B410014B045 /* main.m */,
				F286102114DB6B410014B045 /* Improv-Prefix.pch */,
			);
			name = "Supporting Files";
			sourceTree = "<group>";
		};
		F29B4F0514E88C6C00F57207 /* Images */ = {
			isa = PBXGroup;
			children = (
				F280FE4314E89D6E00C7C7A0 /* lamp.png */,
				F280FE4414E89D6E00C7C7A0 /* lamp@2x.png */,
				F29B4F0F14E88D9800F57207 /* equalizer.png */,
				F29B4F1014E88D9800F57207 /* equalizer@2x.png */,
				F29B4F0714E88C7700F57207 /* dice@2x.png */,
				F29B4F0814E88C7700F57207 /* dice.png */,
				F29B4F0914E88C7700F57207 /* sliders@2x.png */,
				F29B4F0A14E88C7700F57207 /* sliders.png */,
			);
			name = Images;
			sourceTree = "<group>";
		};
/* End PBXGroup section */

/* Begin PBXNativeTarget section */
		F286100E14DB6B410014B045 /* Improv */ = {
			isa = PBXNativeTarget;
			buildConfigurationList = F286102D14DB6B410014B045 /* Build configuration list for PBXNativeTarget "Improv" */;
			buildPhases = (
				F286100B14DB6B410014B045 /* Sources */,
				F286100C14DB6B410014B045 /* Frameworks */,
				F286100D14DB6B410014B045 /* Resources */,
			);
			buildRules = (
			);
			dependencies = (
			);
			name = Improv;
			productName = Improv;
			productReference = F286100F14DB6B410014B045 /* Improv.app */;
			productType = "com.apple.product-type.application";
		};
/* End PBXNativeTarget section */

/* Begin PBXProject section */
		F286100614DB6B410014B045 /* Project object */ = {
			isa = PBXProject;
			attributes = {
				LastUpgradeCheck = 0420;
				ORGANIZATIONNAME = Lickability;
			};
			buildConfigurationList = F286100914DB6B410014B045 /* Build configuration list for PBXProject "Improv" */;
			compatibilityVersion = "Xcode 3.2";
			developmentRegion = English;
			hasScannedForEncodings = 0;
			knownRegions = (
				en,
			);
			mainGroup = F286100414DB6B410014B045;
			productRefGroup = F286101014DB6B410014B045 /* Products */;
			projectDirPath = "";
			projectRoot = "";
			targets = (
				F286100E14DB6B410014B045 /* Improv */,
			);
		};
/* End PBXProject section */

/* Begin PBXResourcesBuildPhase section */
		F286100D14DB6B410014B045 /* Resources */ = {
			isa = PBXResourcesBuildPhase;
			buildActionMask = 2147483647;
			files = (
				F286101E14DB6B410014B045 /* InfoPlist.strings in Resources */,
				F29B4F0B14E88C7700F57207 /* dice@2x.png in Resources */,
				F29B4F0C14E88C7700F57207 /* dice.png in Resources */,
				F29B4F0D14E88C7700F57207 /* sliders@2x.png in Resources */,
				F29B4F0E14E88C7700F57207 /* sliders.png in Resources */,
				F29B4F1114E88D9900F57207 /* equalizer.png in Resources */,
				F29B4F1214E88D9900F57207 /* equalizer@2x.png in Resources */,
				F29B4F1414E8913B00F57207 /* ImprovGames.plist in Resources */,
				F280FE4514E89D6E00C7C7A0 /* lamp.png in Resources */,
				F280FE4614E89D6E00C7C7A0 /* lamp@2x.png in Resources */,
				68C886CB14FD76A600DF473B /* 10fingers.png in Resources */,
				68C886CC14FD76A600DF473B /* 10fingers@2x.png in Resources */,
				68C886CD14FD76A600DF473B /* 3series.png in Resources */,
				68C886CE14FD76A600DF473B /* 3series@2x.png in Resources */,
			);
			runOnlyForDeploymentPostprocessing = 0;
		};
/* End PBXResourcesBuildPhase section */

/* Begin PBXSourcesBuildPhase section */
		F286100B14DB6B410014B045 /* Sources */ = {
			isa = PBXSourcesBuildPhase;
			buildActionMask = 2147483647;
			files = (
				F286102014DB6B410014B045 /* main.m in Sources */,
				F286102414DB6B410014B045 /* AppDelegate.m in Sources */,
				F286102714DB6B410014B045 /* GamesTableViewController.m in Sources */,
				68C886C514FD718C00DF473B /* ImprovTableViewCell.m in Sources */,
				68C886D414FD7B5300DF473B /* ImprovModel.xcdatamodeld in Sources */,
				68C8872F14FD7E6700DF473B /* Game.m in Sources */,
				68C8873214FD7E7600DF473B /* Tag.m in Sources */,
			);
			runOnlyForDeploymentPostprocessing = 0;
		};
/* End PBXSourcesBuildPhase section */

/* Begin PBXVariantGroup section */
		F286101C14DB6B410014B045 /* InfoPlist.strings */ = {
			isa = PBXVariantGroup;
			children = (
				F286101D14DB6B410014B045 /* en */,
			);
			name = InfoPlist.strings;
			sourceTree = "<group>";
		};
/* End PBXVariantGroup section */

/* Begin XCBuildConfiguration section */
		F286102B14DB6B410014B045 /* Debug */ = {
			isa = XCBuildConfiguration;
			buildSettings = {
				ALWAYS_SEARCH_USER_PATHS = NO;
				ARCHS = "$(ARCHS_STANDARD_32_BIT)";
				CLANG_ENABLE_OBJC_ARC = YES;
				"CODE_SIGN_IDENTITY[sdk=iphoneos*]" = "iPhone Developer";
				COPY_PHASE_STRIP = NO;
				GCC_C_LANGUAGE_STANDARD = gnu99;
				GCC_DYNAMIC_NO_PIC = NO;
				GCC_OPTIMIZATION_LEVEL = 0;
				GCC_PREPROCESSOR_DEFINITIONS = (
					"DEBUG=1",
					"$(inherited)",
				);
				GCC_SYMBOLS_PRIVATE_EXTERN = NO;
				GCC_VERSION = com.apple.compilers.llvm.clang.1_0;
				GCC_WARN_ABOUT_MISSING_PROTOTYPES = YES;
				GCC_WARN_ABOUT_RETURN_TYPE = YES;
				GCC_WARN_UNUSED_VARIABLE = YES;
				IPHONEOS_DEPLOYMENT_TARGET = 5.0;
				SDKROOT = iphoneos;
			};
			name = Debug;
		};
		F286102C14DB6B410014B045 /* Release */ = {
			isa = XCBuildConfiguration;
			buildSettings = {
				ALWAYS_SEARCH_USER_PATHS = NO;
				ARCHS = "$(ARCHS_STANDARD_32_BIT)";
				CLANG_ENABLE_OBJC_ARC = YES;
				"CODE_SIGN_IDENTITY[sdk=iphoneos*]" = "iPhone Developer";
				COPY_PHASE_STRIP = YES;
				GCC_C_LANGUAGE_STANDARD = gnu99;
				GCC_VERSION = com.apple.compilers.llvm.clang.1_0;
				GCC_WARN_ABOUT_MISSING_PROTOTYPES = YES;
				GCC_WARN_ABOUT_RETURN_TYPE = YES;
				GCC_WARN_UNUSED_VARIABLE = YES;
				IPHONEOS_DEPLOYMENT_TARGET = 5.0;
				OTHER_CFLAGS = "-DNS_BLOCK_ASSERTIONS=1";
				SDKROOT = iphoneos;
				VALIDATE_PRODUCT = YES;
			};
			name = Release;
		};
		F286102E14DB6B410014B045 /* Debug */ = {
			isa = XCBuildConfiguration;
			buildSettings = {
				GCC_PRECOMPILE_PREFIX_HEADER = YES;
				GCC_PREFIX_HEADER = "Improv/Improv-Prefix.pch";
				INFOPLIST_FILE = "Improv/Improv-Info.plist";
				PRODUCT_NAME = "$(TARGET_NAME)";
				WRAPPER_EXTENSION = app;
			};
			name = Debug;
		};
		F286102F14DB6B410014B045 /* Release */ = {
			isa = XCBuildConfiguration;
			buildSettings = {
				GCC_PRECOMPILE_PREFIX_HEADER = YES;
				GCC_PREFIX_HEADER = "Improv/Improv-Prefix.pch";
				INFOPLIST_FILE = "Improv/Improv-Info.plist";
				PRODUCT_NAME = "$(TARGET_NAME)";
				WRAPPER_EXTENSION = app;
			};
			name = Release;
		};
/* End XCBuildConfiguration section */

/* Begin XCConfigurationList section */
		F286100914DB6B410014B045 /* Build configuration list for PBXProject "Improv" */ = {
			isa = XCConfigurationList;
			buildConfigurations = (
				F286102B14DB6B410014B045 /* Debug */,
				F286102C14DB6B410014B045 /* Release */,
			);
			defaultConfigurationIsVisible = 0;
			defaultConfigurationName = Release;
		};
		F286102D14DB6B410014B045 /* Build configuration list for PBXNativeTarget "Improv" */ = {
			isa = XCConfigurationList;
			buildConfigurations = (
				F286102E14DB6B410014B045 /* Debug */,
				F286102F14DB6B410014B045 /* Release */,
			);
			defaultConfigurationIsVisible = 0;
			defaultConfigurationName = Release;
		};
/* End XCConfigurationList section */

/* Begin XCVersionGroup section */
		68C886D214FD7B5300DF473B /* ImprovModel.xcdatamodeld */ = {
			isa = XCVersionGroup;
			children = (
				68C886D314FD7B5300DF473B /* ImprovModel.xcdatamodel */,
			);
			currentVersion = 68C886D314FD7B5300DF473B /* ImprovModel.xcdatamodel */;
			path = ImprovModel.xcdatamodeld;
			sourceTree = SOURCE_ROOT;
			versionGroupType = wrapper.xcdatamodel;
		};
/* End XCVersionGroup section */
	};
	rootObject = F286100614DB6B410014B045 /* Project object */;
}
