// !$*UTF8*$!
{
	archiveVersion = 1;
	classes = {
	};
	objectVersion = 46;
	objects = {

/* Begin PBXBuildFile section */
		68082F521512F33300102582 /* relationship.png in Resources */ = {isa = PBXBuildFile; fileRef = 68082F501512F33300102582 /* relationship.png */; };
		68082F531512F33300102582 /* relationship@2x.png in Resources */ = {isa = PBXBuildFile; fileRef = 68082F511512F33300102582 /* relationship@2x.png */; };
		68082F5A1512F3E100102582 /* location.png in Resources */ = {isa = PBXBuildFile; fileRef = 68082F581512F3E100102582 /* location.png */; };
		68082F5B1512F3E100102582 /* location@2x.png in Resources */ = {isa = PBXBuildFile; fileRef = 68082F591512F3E100102582 /* location@2x.png */; };
		68082F621512F5B300102582 /* profession.png in Resources */ = {isa = PBXBuildFile; fileRef = 68082F601512F5B300102582 /* profession.png */; };
		68082F631512F5B300102582 /* profession@2x.png in Resources */ = {isa = PBXBuildFile; fileRef = 68082F611512F5B300102582 /* profession@2x.png */; };
		683B157C1516BBF20033B784 /* glossyButton-normal-greyscale@2x.png in Resources */ = {isa = PBXBuildFile; fileRef = 683B157B1516BBF10033B784 /* glossyButton-normal-greyscale@2x.png */; };
		683B157E1516CEEE0033B784 /* glossyButton-highlighted-greyscale@2x.png in Resources */ = {isa = PBXBuildFile; fileRef = 683B157D1516CEEE0033B784 /* glossyButton-highlighted-greyscale@2x.png */; };
		68794CF714FDEC4900E33F88 /* GameInfoTableViewController.m in Sources */ = {isa = PBXBuildFile; fileRef = 68794CF614FDEC4800E33F88 /* GameInfoTableViewController.m */; };
		68794CFE14FDF67A00E33F88 /* test2.png in Resources */ = {isa = PBXBuildFile; fileRef = 68794CFC14FDF67A00E33F88 /* test2.png */; };
		68794CFF14FDF67A00E33F88 /* test.png in Resources */ = {isa = PBXBuildFile; fileRef = 68794CFD14FDF67A00E33F88 /* test.png */; };
		68794D1314FE003800E33F88 /* glossyButton-disabled.png in Resources */ = {isa = PBXBuildFile; fileRef = 68794D0D14FE003800E33F88 /* glossyButton-disabled.png */; };
		68794D1414FE003800E33F88 /* glossyButton-disabled@2x.png in Resources */ = {isa = PBXBuildFile; fileRef = 68794D0E14FE003800E33F88 /* glossyButton-disabled@2x.png */; };
		68794D1514FE003800E33F88 /* glossyButton-highlighted.png in Resources */ = {isa = PBXBuildFile; fileRef = 68794D0F14FE003800E33F88 /* glossyButton-highlighted.png */; };
		68794D1614FE003800E33F88 /* glossyButton-highlighted@2x.png in Resources */ = {isa = PBXBuildFile; fileRef = 68794D1014FE003800E33F88 /* glossyButton-highlighted@2x.png */; };
		68794D1714FE003800E33F88 /* glossyButton-normal.png in Resources */ = {isa = PBXBuildFile; fileRef = 68794D1114FE003800E33F88 /* glossyButton-normal.png */; };
		68794D1814FE003800E33F88 /* glossyButton-normal@2x.png in Resources */ = {isa = PBXBuildFile; fileRef = 68794D1214FE003800E33F88 /* glossyButton-normal@2x.png */; };
		68794D2714FE09DC00E33F88 /* Narrative.png in Resources */ = {isa = PBXBuildFile; fileRef = 68794D2514FE09DC00E33F88 /* Narrative.png */; };
		68794D2814FE09DC00E33F88 /* Narrative@2x.png in Resources */ = {isa = PBXBuildFile; fileRef = 68794D2614FE09DC00E33F88 /* Narrative@2x.png */; };
		68794D2B14FE0A8800E33F88 /* 10fingers.png in Resources */ = {isa = PBXBuildFile; fileRef = 68794D2914FE0A8700E33F88 /* 10fingers.png */; };
		68794D2C14FE0A8800E33F88 /* 10fingers@2x.png in Resources */ = {isa = PBXBuildFile; fileRef = 68794D2A14FE0A8800E33F88 /* 10fingers@2x.png */; };
		687A009515190FC4002E7CCD /* libTestFlight.a in Frameworks */ = {isa = PBXBuildFile; fileRef = 687A009115190FC4002E7CCD /* libTestFlight.a */; };
		687A009615190FC4002E7CCD /* README.txt in Resources */ = {isa = PBXBuildFile; fileRef = 687A009215190FC4002E7CCD /* README.txt */; };
		687A009715190FC4002E7CCD /* release_notes.txt in Resources */ = {isa = PBXBuildFile; fileRef = 687A009315190FC4002E7CCD /* release_notes.txt */; };
		687A00A815191201002E7CCD /* Entitlements.plist in Resources */ = {isa = PBXBuildFile; fileRef = 687A00A715191201002E7CCD /* Entitlements.plist */; };
		687A00AA15191371002E7CCD /* libz.dylib in Frameworks */ = {isa = PBXBuildFile; fileRef = 687A00A915191371002E7CCD /* libz.dylib */; };
		687BD9A215112A2700C4EAB0 /* Game.m in Sources */ = {isa = PBXBuildFile; fileRef = 687BD9A115112A2700C4EAB0 /* Game.m */; };
		687BD9A515112A2700C4EAB0 /* Tag.m in Sources */ = {isa = PBXBuildFile; fileRef = 687BD9A415112A2700C4EAB0 /* Tag.m */; };
		68800A1B14FF157500C99605 /* random.png in Resources */ = {isa = PBXBuildFile; fileRef = 68800A1914FF157500C99605 /* random.png */; };
		68800A1C14FF157500C99605 /* random@2x.png in Resources */ = {isa = PBXBuildFile; fileRef = 68800A1A14FF157500C99605 /* random@2x.png */; };
		68800A2B14FF17AC00C99605 /* filter@2x.png in Resources */ = {isa = PBXBuildFile; fileRef = 68800A2914FF17AC00C99605 /* filter@2x.png */; };
		68800A3114FF181C00C99605 /* filter.png in Resources */ = {isa = PBXBuildFile; fileRef = 68800A3014FF181C00C99605 /* filter.png */; };
		68800A3414FF186500C99605 /* lightbulb.png in Resources */ = {isa = PBXBuildFile; fileRef = 68800A3214FF186200C99605 /* lightbulb.png */; };
		68800A3514FF186500C99605 /* lightbulb@2x.png in Resources */ = {isa = PBXBuildFile; fileRef = 68800A3314FF186300C99605 /* lightbulb@2x.png */; };
		688299B015156FCB00EFAB03 /* Actor'sNightmare-white@2x.png in Resources */ = {isa = PBXBuildFile; fileRef = 688299AE15156FCB00EFAB03 /* Actor'sNightmare-white@2x.png */; };
		688299B315156FDA00EFAB03 /* Actor'sNightmare.png in Resources */ = {isa = PBXBuildFile; fileRef = 688299B115156FDA00EFAB03 /* Actor'sNightmare.png */; };
		688299B61515703B00EFAB03 /* Actor'sNightmare@2x.png in Resources */ = {isa = PBXBuildFile; fileRef = 688299B51515703B00EFAB03 /* Actor'sNightmare@2x.png */; };
		688299BA151570D600EFAB03 /* BlindLead-white.png in Resources */ = {isa = PBXBuildFile; fileRef = 688299B8151570D600EFAB03 /* BlindLead-white.png */; };
		688299C21515710300EFAB03 /* BlindLead.png in Resources */ = {isa = PBXBuildFile; fileRef = 688299C01515710300EFAB03 /* BlindLead.png */; };
		688299C31515710300EFAB03 /* BlindLead@2x.png in Resources */ = {isa = PBXBuildFile; fileRef = 688299C11515710300EFAB03 /* BlindLead@2x.png */; };
		688299C71515718C00EFAB03 /* MakeMoreInteresting-white.png in Resources */ = {isa = PBXBuildFile; fileRef = 688299C51515718C00EFAB03 /* MakeMoreInteresting-white.png */; };
		688299C81515718C00EFAB03 /* MakeMoreInteresting-white@2x.png in Resources */ = {isa = PBXBuildFile; fileRef = 688299C61515718C00EFAB03 /* MakeMoreInteresting-white@2x.png */; };
		688299CB151571A700EFAB03 /* MakeMoreInteresting.png in Resources */ = {isa = PBXBuildFile; fileRef = 688299C9151571A700EFAB03 /* MakeMoreInteresting.png */; };
		688299CE151571F900EFAB03 /* BlindLead@2x.png in Resources */ = {isa = PBXBuildFile; fileRef = 688299CD151571F900EFAB03 /* BlindLead@2x.png */; };
		688299D01515721100EFAB03 /* MakeMoreInteresting@2x.png in Resources */ = {isa = PBXBuildFile; fileRef = 688299CF1515721100EFAB03 /* MakeMoreInteresting@2x.png */; };
		688299D21515724E00EFAB03 /* Actor'sNightmare-white.png in Resources */ = {isa = PBXBuildFile; fileRef = 688299D11515724E00EFAB03 /* Actor'sNightmare-white.png */; };
		688299DB151573A300EFAB03 /* SimpleContinuation@2x.png in Resources */ = {isa = PBXBuildFile; fileRef = 688299D9151573A300EFAB03 /* SimpleContinuation@2x.png */; };
		688299DE151573B600EFAB03 /* SimpleContinuation-white.png in Resources */ = {isa = PBXBuildFile; fileRef = 688299DC151573B500EFAB03 /* SimpleContinuation-white.png */; };
		688299DF151573B600EFAB03 /* SimpleContinuation-white@2x.png in Resources */ = {isa = PBXBuildFile; fileRef = 688299DD151573B500EFAB03 /* SimpleContinuation-white@2x.png */; };
		688299E2151573F200EFAB03 /* Switcheroo.png in Resources */ = {isa = PBXBuildFile; fileRef = 688299E0151573F200EFAB03 /* Switcheroo.png */; };
		688299E3151573F200EFAB03 /* Switcheroo@2x.png in Resources */ = {isa = PBXBuildFile; fileRef = 688299E1151573F200EFAB03 /* Switcheroo@2x.png */; };
		688299E61515740100EFAB03 /* Switcheroo-white.png in Resources */ = {isa = PBXBuildFile; fileRef = 688299E41515740100EFAB03 /* Switcheroo-white.png */; };
		688299E71515740100EFAB03 /* Switcheroo-white@2x.png in Resources */ = {isa = PBXBuildFile; fileRef = 688299E51515740100EFAB03 /* Switcheroo-white@2x.png */; };
		68B97FC71511527D005855E9 /* ActionSyllables-white.png in Resources */ = {isa = PBXBuildFile; fileRef = 68B97FC51511527D005855E9 /* ActionSyllables-white.png */; };
		68B97FC81511527D005855E9 /* ActionSyllables-white@2x.png in Resources */ = {isa = PBXBuildFile; fileRef = 68B97FC61511527D005855E9 /* ActionSyllables-white@2x.png */; };
		68B97FD21511532A005855E9 /* 3some-white.png in Resources */ = {isa = PBXBuildFile; fileRef = 68B97FD01511532A005855E9 /* 3some-white.png */; };
		68B97FD31511532A005855E9 /* 3some-white@2x.png in Resources */ = {isa = PBXBuildFile; fileRef = 68B97FD11511532A005855E9 /* 3some-white@2x.png */; };
		68B97FD615115344005855E9 /* AcceptingCircle-white.png in Resources */ = {isa = PBXBuildFile; fileRef = 68B97FD415115344005855E9 /* AcceptingCircle-white.png */; };
		68B97FD715115344005855E9 /* AcceptingCircle-white@2x.png in Resources */ = {isa = PBXBuildFile; fileRef = 68B97FD515115344005855E9 /* AcceptingCircle-white@2x.png */; };
		68B97FD915115375005855E9 /* furley_bg.png in Resources */ = {isa = PBXBuildFile; fileRef = 68B97FD815115375005855E9 /* furley_bg.png */; };
		68B97FDC15115711005855E9 /* 3series-white.png in Resources */ = {isa = PBXBuildFile; fileRef = 68B97FDA15115711005855E9 /* 3series-white.png */; };
		68B97FDD15115711005855E9 /* 3series-white@2x.png in Resources */ = {isa = PBXBuildFile; fileRef = 68B97FDB15115711005855E9 /* 3series-white@2x.png */; };
		68C886C514FD718C00DF473B /* ImprovTableViewCell.m in Sources */ = {isa = PBXBuildFile; fileRef = 68C886C414FD718C00DF473B /* ImprovTableViewCell.m */; };
		68C886D414FD7B5300DF473B /* ImprovModel.xcdatamodeld in Sources */ = {isa = PBXBuildFile; fileRef = 68C886D214FD7B5300DF473B /* ImprovModel.xcdatamodeld */; };
		68C8872C14FD7E2100DF473B /* CoreData.framework in Frameworks */ = {isa = PBXBuildFile; fileRef = 68C8872B14FD7E2100DF473B /* CoreData.framework */; };
		68C8873B14FD8D1100DF473B /* 3series.png in Resources */ = {isa = PBXBuildFile; fileRef = 68C8873914FD8D1100DF473B /* 3series.png */; };
		68C8873C14FD8D1100DF473B /* 3series@2x.png in Resources */ = {isa = PBXBuildFile; fileRef = 68C8873A14FD8D1100DF473B /* 3series@2x.png */; };
		68C8873F14FD8D3800DF473B /* 3some.png in Resources */ = {isa = PBXBuildFile; fileRef = 68C8873D14FD8D3700DF473B /* 3some.png */; };
		68C8874014FD8D3800DF473B /* 3some@2x.png in Resources */ = {isa = PBXBuildFile; fileRef = 68C8873E14FD8D3800DF473B /* 3some@2x.png */; };
		68C8874314FD8DB300DF473B /* AcceptingCircle.png in Resources */ = {isa = PBXBuildFile; fileRef = 68C8874114FD8DB200DF473B /* AcceptingCircle.png */; };
		68C8874414FD8DB300DF473B /* AcceptingCircle@2x.png in Resources */ = {isa = PBXBuildFile; fileRef = 68C8874214FD8DB200DF473B /* AcceptingCircle@2x.png */; };
		68C8874B14FD8E3900DF473B /* ActionSyllables.png in Resources */ = {isa = PBXBuildFile; fileRef = 68C8874914FD8E3800DF473B /* ActionSyllables.png */; };
		68C8874C14FD8E3900DF473B /* ActionSyllables@2x.png in Resources */ = {isa = PBXBuildFile; fileRef = 68C8874A14FD8E3800DF473B /* ActionSyllables@2x.png */; };
		68D133581534CF2F0047FE16 /* ImprovSingleton.m in Sources */ = {isa = PBXBuildFile; fileRef = 68D133571534CF2F0047FE16 /* ImprovSingleton.m */; };
		68F98B57151576E500D4950C /* AdjectiveScene.png in Resources */ = {isa = PBXBuildFile; fileRef = 68F98B55151576E500D4950C /* AdjectiveScene.png */; };
		68F98B58151576E500D4950C /* AdjectiveScene@2x.png in Resources */ = {isa = PBXBuildFile; fileRef = 68F98B56151576E500D4950C /* AdjectiveScene@2x.png */; };
		68F98B5C151576F800D4950C /* AdjectiveScene-white.png in Resources */ = {isa = PBXBuildFile; fileRef = 68F98B5A151576F800D4950C /* AdjectiveScene-white.png */; };
		68F98B5D151576F800D4950C /* AdjectiveScene-white@2x.png in Resources */ = {isa = PBXBuildFile; fileRef = 68F98B5B151576F800D4950C /* AdjectiveScene-white@2x.png */; };
		68F98B601515773F00D4950C /* Aerobics.png in Resources */ = {isa = PBXBuildFile; fileRef = 68F98B5E1515773F00D4950C /* Aerobics.png */; };
		68F98B611515773F00D4950C /* Aerobics@2x.png in Resources */ = {isa = PBXBuildFile; fileRef = 68F98B5F1515773F00D4950C /* Aerobics@2x.png */; };
		68F98B641515774F00D4950C /* Aerobics-white.png in Resources */ = {isa = PBXBuildFile; fileRef = 68F98B621515774F00D4950C /* Aerobics-white.png */; };
		68F98B651515774F00D4950C /* Aerobics-white@2x.png in Resources */ = {isa = PBXBuildFile; fileRef = 68F98B631515774F00D4950C /* Aerobics-white@2x.png */; };
		68F98B681515794700D4950C /* ThreeRules-white.png in Resources */ = {isa = PBXBuildFile; fileRef = 68F98B661515794700D4950C /* ThreeRules-white.png */; };
		68F98B691515794700D4950C /* ThreeRules-white@2x.png in Resources */ = {isa = PBXBuildFile; fileRef = 68F98B671515794700D4950C /* ThreeRules-white@2x.png */; };
		68F98B6C1515795F00D4950C /* ThreeRules.png in Resources */ = {isa = PBXBuildFile; fileRef = 68F98B6A1515795F00D4950C /* ThreeRules.png */; };
		68F98B6D1515795F00D4950C /* ThreeRules@2x.png in Resources */ = {isa = PBXBuildFile; fileRef = 68F98B6B1515795F00D4950C /* ThreeRules@2x.png */; };
		68F98B6F15157A5A00D4950C /* SimpleContinuation.png in Resources */ = {isa = PBXBuildFile; fileRef = 68F98B6E15157A5A00D4950C /* SimpleContinuation.png */; };
		68FF8ADF1512B86200D714B0 /* FiltersTableViewController.m in Sources */ = {isa = PBXBuildFile; fileRef = 68FF8ADE1512B86200D714B0 /* FiltersTableViewController.m */; };
		68FF8C871512C4B500D714B0 /* TKAlertCenter.m in Sources */ = {isa = PBXBuildFile; fileRef = 68FF8C861512C4B500D714B0 /* TKAlertCenter.m */; };
		68FF8C8A1512C4E400D714B0 /* UIView+TKCategory.m in Sources */ = {isa = PBXBuildFile; fileRef = 68FF8C891512C4E400D714B0 /* UIView+TKCategory.m */; };
		68FF8C8D1512C75800D714B0 /* Suggestions.plist in Resources */ = {isa = PBXBuildFile; fileRef = 68FF8C8C1512C75800D714B0 /* Suggestions.plist */; };
		68FF8C901512C88200D714B0 /* Suggestion.m in Sources */ = {isa = PBXBuildFile; fileRef = 68FF8C8F1512C88200D714B0 /* Suggestion.m */; };
		F280FE4514E89D6E00C7C7A0 /* lamp.png in Resources */ = {isa = PBXBuildFile; fileRef = F280FE4314E89D6E00C7C7A0 /* lamp.png */; };
		F280FE4614E89D6E00C7C7A0 /* lamp@2x.png in Resources */ = {isa = PBXBuildFile; fileRef = F280FE4414E89D6E00C7C7A0 /* lamp@2x.png */; };
		F286101414DB6B410014B045 /* UIKit.framework in Frameworks */ = {isa = PBXBuildFile; fileRef = F286101314DB6B410014B045 /* UIKit.framework */; };
		F286101614DB6B410014B045 /* Foundation.framework in Frameworks */ = {isa = PBXBuildFile; fileRef = F286101514DB6B410014B045 /* Foundation.framework */; };
		F286101814DB6B410014B045 /* CoreGraphics.framework in Frameworks */ = {isa = PBXBuildFile; fileRef = F286101714DB6B410014B045 /* CoreGraphics.framework */; };
		F286101E14DB6B410014B045 /* InfoPlist.strings in Resources */ = {isa = PBXBuildFile; fileRef = F286101C14DB6B410014B045 /* InfoPlist.strings */; };
		F286102014DB6B410014B045 /* main.m in Sources */ = {isa = PBXBuildFile; fileRef = F286101F14DB6B410014B045 /* main.m */; };
		F286102414DB6B410014B045 /* AppDelegate.m in Sources */ = {isa = PBXBuildFile; fileRef = F286102314DB6B410014B045 /* AppDelegate.m */; };
		F286102714DB6B410014B045 /* GamesTableViewController.m in Sources */ = {isa = PBXBuildFile; fileRef = F286102614DB6B410014B045 /* GamesTableViewController.m */; };
		F29B4F0D14E88C7700F57207 /* sliders@2x.png in Resources */ = {isa = PBXBuildFile; fileRef = F29B4F0914E88C7700F57207 /* sliders@2x.png */; };
		F29B4F0E14E88C7700F57207 /* sliders.png in Resources */ = {isa = PBXBuildFile; fileRef = F29B4F0A14E88C7700F57207 /* sliders.png */; };
		F29B4F1114E88D9900F57207 /* equalizer.png in Resources */ = {isa = PBXBuildFile; fileRef = F29B4F0F14E88D9800F57207 /* equalizer.png */; };
		F29B4F1214E88D9900F57207 /* equalizer@2x.png in Resources */ = {isa = PBXBuildFile; fileRef = F29B4F1014E88D9800F57207 /* equalizer@2x.png */; };
		F29B4F1414E8913B00F57207 /* ImprovGames.plist in Resources */ = {isa = PBXBuildFile; fileRef = F29B4F1314E8913B00F57207 /* ImprovGames.plist */; };
/* End PBXBuildFile section */

/* Begin PBXFileReference section */
		68082F501512F33300102582 /* relationship.png */ = {isa = PBXFileReference; lastKnownFileType = image.png; path = relationship.png; sourceTree = "<group>"; };
		68082F511512F33300102582 /* relationship@2x.png */ = {isa = PBXFileReference; lastKnownFileType = image.png; path = "relationship@2x.png"; sourceTree = "<group>"; };
		68082F581512F3E100102582 /* location.png */ = {isa = PBXFileReference; lastKnownFileType = image.png; path = location.png; sourceTree = "<group>"; };
		68082F591512F3E100102582 /* location@2x.png */ = {isa = PBXFileReference; lastKnownFileType = image.png; path = "location@2x.png"; sourceTree = "<group>"; };
		68082F601512F5B300102582 /* profession.png */ = {isa = PBXFileReference; lastKnownFileType = image.png; path = profession.png; sourceTree = "<group>"; };
		68082F611512F5B300102582 /* profession@2x.png */ = {isa = PBXFileReference; lastKnownFileType = image.png; path = "profession@2x.png"; sourceTree = "<group>"; };
		683B157B1516BBF10033B784 /* glossyButton-normal-greyscale@2x.png */ = {isa = PBXFileReference; lastKnownFileType = image.png; path = "glossyButton-normal-greyscale@2x.png"; sourceTree = "<group>"; };
		683B157D1516CEEE0033B784 /* glossyButton-highlighted-greyscale@2x.png */ = {isa = PBXFileReference; lastKnownFileType = image.png; path = "glossyButton-highlighted-greyscale@2x.png"; sourceTree = "<group>"; };
		68794CF514FDEC4800E33F88 /* GameInfoTableViewController.h */ = {isa = PBXFileReference; fileEncoding = 4; lastKnownFileType = sourcecode.c.h; path = GameInfoTableViewController.h; sourceTree = "<group>"; };
		68794CF614FDEC4800E33F88 /* GameInfoTableViewController.m */ = {isa = PBXFileReference; fileEncoding = 4; lastKnownFileType = sourcecode.c.objc; path = GameInfoTableViewController.m; sourceTree = "<group>"; };
		68794CFC14FDF67A00E33F88 /* test2.png */ = {isa = PBXFileReference; lastKnownFileType = image.png; path = test2.png; sourceTree = "<group>"; };
		68794CFD14FDF67A00E33F88 /* test.png */ = {isa = PBXFileReference; lastKnownFileType = image.png; path = test.png; sourceTree = "<group>"; };
		68794D0D14FE003800E33F88 /* glossyButton-disabled.png */ = {isa = PBXFileReference; lastKnownFileType = image.png; path = "glossyButton-disabled.png"; sourceTree = "<group>"; };
		68794D0E14FE003800E33F88 /* glossyButton-disabled@2x.png */ = {isa = PBXFileReference; lastKnownFileType = image.png; path = "glossyButton-disabled@2x.png"; sourceTree = "<group>"; };
		68794D0F14FE003800E33F88 /* glossyButton-highlighted.png */ = {isa = PBXFileReference; lastKnownFileType = image.png; path = "glossyButton-highlighted.png"; sourceTree = "<group>"; };
		68794D1014FE003800E33F88 /* glossyButton-highlighted@2x.png */ = {isa = PBXFileReference; lastKnownFileType = image.png; path = "glossyButton-highlighted@2x.png"; sourceTree = "<group>"; };
		68794D1114FE003800E33F88 /* glossyButton-normal.png */ = {isa = PBXFileReference; lastKnownFileType = image.png; path = "glossyButton-normal.png"; sourceTree = "<group>"; };
		68794D1214FE003800E33F88 /* glossyButton-normal@2x.png */ = {isa = PBXFileReference; lastKnownFileType = image.png; path = "glossyButton-normal@2x.png"; sourceTree = "<group>"; };
		68794D2514FE09DC00E33F88 /* Narrative.png */ = {isa = PBXFileReference; lastKnownFileType = image.png; path = Narrative.png; sourceTree = "<group>"; };
		68794D2614FE09DC00E33F88 /* Narrative@2x.png */ = {isa = PBXFileReference; lastKnownFileType = image.png; path = "Narrative@2x.png"; sourceTree = "<group>"; };
		68794D2914FE0A8700E33F88 /* 10fingers.png */ = {isa = PBXFileReference; lastKnownFileType = image.png; path = 10fingers.png; sourceTree = "<group>"; };
		68794D2A14FE0A8800E33F88 /* 10fingers@2x.png */ = {isa = PBXFileReference; lastKnownFileType = image.png; path = "10fingers@2x.png"; sourceTree = "<group>"; };
		687A009115190FC4002E7CCD /* libTestFlight.a */ = {isa = PBXFileReference; lastKnownFileType = archive.ar; path = libTestFlight.a; sourceTree = "<group>"; };
		687A009215190FC4002E7CCD /* README.txt */ = {isa = PBXFileReference; fileEncoding = 4; lastKnownFileType = text; path = README.txt; sourceTree = "<group>"; };
		687A009315190FC4002E7CCD /* release_notes.txt */ = {isa = PBXFileReference; fileEncoding = 4; lastKnownFileType = text; path = release_notes.txt; sourceTree = "<group>"; };
		687A009415190FC4002E7CCD /* TestFlight.h */ = {isa = PBXFileReference; fileEncoding = 4; lastKnownFileType = sourcecode.c.h; path = TestFlight.h; sourceTree = "<group>"; };
		687A00A715191201002E7CCD /* Entitlements.plist */ = {isa = PBXFileReference; fileEncoding = 4; lastKnownFileType = text.plist.xml; name = Entitlements.plist; path = Improv/TestFlightSDK0.8.3/Entitlements.plist; sourceTree = "<group>"; };
		687A00A915191371002E7CCD /* libz.dylib */ = {isa = PBXFileReference; lastKnownFileType = "compiled.mach-o.dylib"; name = libz.dylib; path = usr/lib/libz.dylib; sourceTree = SDKROOT; };
		687BD9A015112A2700C4EAB0 /* Game.h */ = {isa = PBXFileReference; fileEncoding = 4; lastKnownFileType = sourcecode.c.h; path = Game.h; sourceTree = "<group>"; };
		687BD9A115112A2700C4EAB0 /* Game.m */ = {isa = PBXFileReference; fileEncoding = 4; lastKnownFileType = sourcecode.c.objc; path = Game.m; sourceTree = "<group>"; };
		687BD9A315112A2700C4EAB0 /* Tag.h */ = {isa = PBXFileReference; fileEncoding = 4; lastKnownFileType = sourcecode.c.h; path = Tag.h; sourceTree = "<group>"; };
		687BD9A415112A2700C4EAB0 /* Tag.m */ = {isa = PBXFileReference; fileEncoding = 4; lastKnownFileType = sourcecode.c.objc; path = Tag.m; sourceTree = "<group>"; };
		68800A1914FF157500C99605 /* random.png */ = {isa = PBXFileReference; lastKnownFileType = image.png; path = random.png; sourceTree = "<group>"; };
		68800A1A14FF157500C99605 /* random@2x.png */ = {isa = PBXFileReference; lastKnownFileType = image.png; path = "random@2x.png"; sourceTree = "<group>"; };
		68800A2914FF17AC00C99605 /* filter@2x.png */ = {isa = PBXFileReference; lastKnownFileType = image.png; path = "filter@2x.png"; sourceTree = "<group>"; };
		68800A3014FF181C00C99605 /* filter.png */ = {isa = PBXFileReference; lastKnownFileType = image.png; path = filter.png; sourceTree = "<group>"; };
		68800A3214FF186200C99605 /* lightbulb.png */ = {isa = PBXFileReference; lastKnownFileType = image.png; path = lightbulb.png; sourceTree = "<group>"; };
		68800A3314FF186300C99605 /* lightbulb@2x.png */ = {isa = PBXFileReference; lastKnownFileType = image.png; path = "lightbulb@2x.png"; sourceTree = "<group>"; };
		688299AE15156FCB00EFAB03 /* Actor'sNightmare-white@2x.png */ = {isa = PBXFileReference; lastKnownFileType = image.png; path = "Actor'sNightmare-white@2x.png"; sourceTree = "<group>"; };
		688299B115156FDA00EFAB03 /* Actor'sNightmare.png */ = {isa = PBXFileReference; lastKnownFileType = image.png; path = "Actor'sNightmare.png"; sourceTree = "<group>"; };
		688299B51515703B00EFAB03 /* Actor'sNightmare@2x.png */ = {isa = PBXFileReference; lastKnownFileType = image.png; path = "Actor'sNightmare@2x.png"; sourceTree = "<group>"; };
		688299B8151570D600EFAB03 /* BlindLead-white.png */ = {isa = PBXFileReference; lastKnownFileType = image.png; path = "BlindLead-white.png"; sourceTree = "<group>"; };
		688299C01515710300EFAB03 /* BlindLead.png */ = {isa = PBXFileReference; lastKnownFileType = image.png; path = BlindLead.png; sourceTree = "<group>"; };
		688299C11515710300EFAB03 /* BlindLead@2x.png */ = {isa = PBXFileReference; lastKnownFileType = image.png; path = "BlindLead@2x.png"; sourceTree = "<group>"; };
		688299C51515718C00EFAB03 /* MakeMoreInteresting-white.png */ = {isa = PBXFileReference; lastKnownFileType = image.png; path = "MakeMoreInteresting-white.png"; sourceTree = "<group>"; };
		688299C61515718C00EFAB03 /* MakeMoreInteresting-white@2x.png */ = {isa = PBXFileReference; lastKnownFileType = image.png; path = "MakeMoreInteresting-white@2x.png"; sourceTree = "<group>"; };
		688299C9151571A700EFAB03 /* MakeMoreInteresting.png */ = {isa = PBXFileReference; lastKnownFileType = image.png; path = MakeMoreInteresting.png; sourceTree = "<group>"; };
		688299CD151571F900EFAB03 /* BlindLead@2x.png */ = {isa = PBXFileReference; lastKnownFileType = image.png; path = "BlindLead@2x.png"; sourceTree = "<group>"; };
		688299CF1515721100EFAB03 /* MakeMoreInteresting@2x.png */ = {isa = PBXFileReference; lastKnownFileType = image.png; path = "MakeMoreInteresting@2x.png"; sourceTree = "<group>"; };
		688299D11515724E00EFAB03 /* Actor'sNightmare-white.png */ = {isa = PBXFileReference; lastKnownFileType = image.png; path = "Actor'sNightmare-white.png"; sourceTree = "<group>"; };
		688299D9151573A300EFAB03 /* SimpleContinuation@2x.png */ = {isa = PBXFileReference; lastKnownFileType = image.png; path = "SimpleContinuation@2x.png"; sourceTree = "<group>"; };
		688299DC151573B500EFAB03 /* SimpleContinuation-white.png */ = {isa = PBXFileReference; lastKnownFileType = image.png; path = "SimpleContinuation-white.png"; sourceTree = "<group>"; };
		688299DD151573B500EFAB03 /* SimpleContinuation-white@2x.png */ = {isa = PBXFileReference; lastKnownFileType = image.png; path = "SimpleContinuation-white@2x.png"; sourceTree = "<group>"; };
		688299E0151573F200EFAB03 /* Switcheroo.png */ = {isa = PBXFileReference; lastKnownFileType = image.png; path = Switcheroo.png; sourceTree = "<group>"; };
		688299E1151573F200EFAB03 /* Switcheroo@2x.png */ = {isa = PBXFileReference; lastKnownFileType = image.png; path = "Switcheroo@2x.png"; sourceTree = "<group>"; };
		688299E41515740100EFAB03 /* Switcheroo-white.png */ = {isa = PBXFileReference; lastKnownFileType = image.png; path = "Switcheroo-white.png"; sourceTree = "<group>"; };
		688299E51515740100EFAB03 /* Switcheroo-white@2x.png */ = {isa = PBXFileReference; lastKnownFileType = image.png; path = "Switcheroo-white@2x.png"; sourceTree = "<group>"; };
		68B97FC51511527D005855E9 /* ActionSyllables-white.png */ = {isa = PBXFileReference; lastKnownFileType = image.png; path = "ActionSyllables-white.png"; sourceTree = "<group>"; };
		68B97FC61511527D005855E9 /* ActionSyllables-white@2x.png */ = {isa = PBXFileReference; lastKnownFileType = image.png; path = "ActionSyllables-white@2x.png"; sourceTree = "<group>"; };
		68B97FD01511532A005855E9 /* 3some-white.png */ = {isa = PBXFileReference; lastKnownFileType = image.png; path = "3some-white.png"; sourceTree = "<group>"; };
		68B97FD11511532A005855E9 /* 3some-white@2x.png */ = {isa = PBXFileReference; lastKnownFileType = image.png; path = "3some-white@2x.png"; sourceTree = "<group>"; };
		68B97FD415115344005855E9 /* AcceptingCircle-white.png */ = {isa = PBXFileReference; lastKnownFileType = image.png; path = "AcceptingCircle-white.png"; sourceTree = "<group>"; };
		68B97FD515115344005855E9 /* AcceptingCircle-white@2x.png */ = {isa = PBXFileReference; lastKnownFileType = image.png; path = "AcceptingCircle-white@2x.png"; sourceTree = "<group>"; };
		68B97FD815115375005855E9 /* furley_bg.png */ = {isa = PBXFileReference; lastKnownFileType = image.png; path = furley_bg.png; sourceTree = "<group>"; };
		68B97FDA15115711005855E9 /* 3series-white.png */ = {isa = PBXFileReference; lastKnownFileType = image.png; path = "3series-white.png"; sourceTree = "<group>"; };
		68B97FDB15115711005855E9 /* 3series-white@2x.png */ = {isa = PBXFileReference; lastKnownFileType = image.png; path = "3series-white@2x.png"; sourceTree = "<group>"; };
		68C886C314FD718C00DF473B /* ImprovTableViewCell.h */ = {isa = PBXFileReference; fileEncoding = 4; lastKnownFileType = sourcecode.c.h; path = ImprovTableViewCell.h; sourceTree = "<group>"; };
		68C886C414FD718C00DF473B /* ImprovTableViewCell.m */ = {isa = PBXFileReference; fileEncoding = 4; lastKnownFileType = sourcecode.c.objc; path = ImprovTableViewCell.m; sourceTree = "<group>"; };
		68C886D314FD7B5300DF473B /* ImprovModel.xcdatamodel */ = {isa = PBXFileReference; lastKnownFileType = wrapper.xcdatamodel; path = ImprovModel.xcdatamodel; sourceTree = "<group>"; };
		68C8872B14FD7E2100DF473B /* CoreData.framework */ = {isa = PBXFileReference; lastKnownFileType = wrapper.framework; name = CoreData.framework; path = System/Library/Frameworks/CoreData.framework; sourceTree = SDKROOT; };
		68C8873914FD8D1100DF473B /* 3series.png */ = {isa = PBXFileReference; lastKnownFileType = image.png; path = 3series.png; sourceTree = "<group>"; };
		68C8873A14FD8D1100DF473B /* 3series@2x.png */ = {isa = PBXFileReference; lastKnownFileType = image.png; path = "3series@2x.png"; sourceTree = "<group>"; };
		68C8873D14FD8D3700DF473B /* 3some.png */ = {isa = PBXFileReference; lastKnownFileType = image.png; path = 3some.png; sourceTree = "<group>"; };
		68C8873E14FD8D3800DF473B /* 3some@2x.png */ = {isa = PBXFileReference; lastKnownFileType = image.png; path = "3some@2x.png"; sourceTree = "<group>"; };
		68C8874114FD8DB200DF473B /* AcceptingCircle.png */ = {isa = PBXFileReference; lastKnownFileType = image.png; path = AcceptingCircle.png; sourceTree = "<group>"; };
		68C8874214FD8DB200DF473B /* AcceptingCircle@2x.png */ = {isa = PBXFileReference; lastKnownFileType = image.png; path = "AcceptingCircle@2x.png"; sourceTree = "<group>"; };
		68C8874914FD8E3800DF473B /* ActionSyllables.png */ = {isa = PBXFileReference; lastKnownFileType = image.png; path = ActionSyllables.png; sourceTree = "<group>"; };
		68C8874A14FD8E3800DF473B /* ActionSyllables@2x.png */ = {isa = PBXFileReference; lastKnownFileType = image.png; path = "ActionSyllables@2x.png"; sourceTree = "<group>"; };
		68D133561534CF2F0047FE16 /* ImprovSingleton.h */ = {isa = PBXFileReference; fileEncoding = 4; lastKnownFileType = sourcecode.c.h; path = ImprovSingleton.h; sourceTree = "<group>"; };
		68D133571534CF2F0047FE16 /* ImprovSingleton.m */ = {isa = PBXFileReference; fileEncoding = 4; lastKnownFileType = sourcecode.c.objc; path = ImprovSingleton.m; sourceTree = "<group>"; };
		68F98B55151576E500D4950C /* AdjectiveScene.png */ = {isa = PBXFileReference; lastKnownFileType = image.png; path = AdjectiveScene.png; sourceTree = "<group>"; };
		68F98B56151576E500D4950C /* AdjectiveScene@2x.png */ = {isa = PBXFileReference; lastKnownFileType = image.png; path = "AdjectiveScene@2x.png"; sourceTree = "<group>"; };
		68F98B5A151576F800D4950C /* AdjectiveScene-white.png */ = {isa = PBXFileReference; lastKnownFileType = image.png; path = "AdjectiveScene-white.png"; sourceTree = "<group>"; };
		68F98B5B151576F800D4950C /* AdjectiveScene-white@2x.png */ = {isa = PBXFileReference; lastKnownFileType = image.png; path = "AdjectiveScene-white@2x.png"; sourceTree = "<group>"; };
		68F98B5E1515773F00D4950C /* Aerobics.png */ = {isa = PBXFileReference; lastKnownFileType = image.png; path = Aerobics.png; sourceTree = "<group>"; };
		68F98B5F1515773F00D4950C /* Aerobics@2x.png */ = {isa = PBXFileReference; lastKnownFileType = image.png; path = "Aerobics@2x.png"; sourceTree = "<group>"; };
		68F98B621515774F00D4950C /* Aerobics-white.png */ = {isa = PBXFileReference; lastKnownFileType = image.png; path = "Aerobics-white.png"; sourceTree = "<group>"; };
		68F98B631515774F00D4950C /* Aerobics-white@2x.png */ = {isa = PBXFileReference; lastKnownFileType = image.png; path = "Aerobics-white@2x.png"; sourceTree = "<group>"; };
		68F98B661515794700D4950C /* ThreeRules-white.png */ = {isa = PBXFileReference; lastKnownFileType = image.png; path = "ThreeRules-white.png"; sourceTree = "<group>"; };
		68F98B671515794700D4950C /* ThreeRules-white@2x.png */ = {isa = PBXFileReference; lastKnownFileType = image.png; path = "ThreeRules-white@2x.png"; sourceTree = "<group>"; };
		68F98B6A1515795F00D4950C /* ThreeRules.png */ = {isa = PBXFileReference; lastKnownFileType = image.png; path = ThreeRules.png; sourceTree = "<group>"; };
		68F98B6B1515795F00D4950C /* ThreeRules@2x.png */ = {isa = PBXFileReference; lastKnownFileType = image.png; path = "ThreeRules@2x.png"; sourceTree = "<group>"; };
		68F98B6E15157A5A00D4950C /* SimpleContinuation.png */ = {isa = PBXFileReference; lastKnownFileType = image.png; path = SimpleContinuation.png; sourceTree = "<group>"; };
		68FF8ADD1512B86200D714B0 /* FiltersTableViewController.h */ = {isa = PBXFileReference; fileEncoding = 4; lastKnownFileType = sourcecode.c.h; path = FiltersTableViewController.h; sourceTree = "<group>"; };
		68FF8ADE1512B86200D714B0 /* FiltersTableViewController.m */ = {isa = PBXFileReference; fileEncoding = 4; lastKnownFileType = sourcecode.c.objc; path = FiltersTableViewController.m; sourceTree = "<group>"; };
		68FF8C851512C4B500D714B0 /* TKAlertCenter.h */ = {isa = PBXFileReference; fileEncoding = 4; lastKnownFileType = sourcecode.c.h; path = TKAlertCenter.h; sourceTree = "<group>"; };
		68FF8C861512C4B500D714B0 /* TKAlertCenter.m */ = {isa = PBXFileReference; fileEncoding = 4; lastKnownFileType = sourcecode.c.objc; path = TKAlertCenter.m; sourceTree = "<group>"; };
		68FF8C881512C4E400D714B0 /* UIView+TKCategory.h */ = {isa = PBXFileReference; fileEncoding = 4; lastKnownFileType = sourcecode.c.h; path = "UIView+TKCategory.h"; sourceTree = "<group>"; };
		68FF8C891512C4E400D714B0 /* UIView+TKCategory.m */ = {isa = PBXFileReference; fileEncoding = 4; lastKnownFileType = sourcecode.c.objc; path = "UIView+TKCategory.m"; sourceTree = "<group>"; };
		68FF8C8C1512C75800D714B0 /* Suggestions.plist */ = {isa = PBXFileReference; fileEncoding = 4; lastKnownFileType = text.plist.xml; path = Suggestions.plist; sourceTree = "<group>"; };
		68FF8C8E1512C88200D714B0 /* Suggestion.h */ = {isa = PBXFileReference; fileEncoding = 4; lastKnownFileType = sourcecode.c.h; name = Suggestion.h; path = ../Suggestion.h; sourceTree = "<group>"; };
		68FF8C8F1512C88200D714B0 /* Suggestion.m */ = {isa = PBXFileReference; fileEncoding = 4; lastKnownFileType = sourcecode.c.objc; name = Suggestion.m; path = ../Suggestion.m; sourceTree = "<group>"; };
		F280FE4314E89D6E00C7C7A0 /* lamp.png */ = {isa = PBXFileReference; lastKnownFileType = image.png; path = lamp.png; sourceTree = "<group>"; };
		F280FE4414E89D6E00C7C7A0 /* lamp@2x.png */ = {isa = PBXFileReference; lastKnownFileType = image.png; path = "lamp@2x.png"; sourceTree = "<group>"; };
		F286100F14DB6B410014B045 /* Improv.app */ = {isa = PBXFileReference; explicitFileType = wrapper.application; includeInIndex = 0; path = Improv.app; sourceTree = BUILT_PRODUCTS_DIR; };
		F286101314DB6B410014B045 /* UIKit.framework */ = {isa = PBXFileReference; lastKnownFileType = wrapper.framework; name = UIKit.framework; path = System/Library/Frameworks/UIKit.framework; sourceTree = SDKROOT; };
		F286101514DB6B410014B045 /* Foundation.framework */ = {isa = PBXFileReference; lastKnownFileType = wrapper.framework; name = Foundation.framework; path = System/Library/Frameworks/Foundation.framework; sourceTree = SDKROOT; };
		F286101714DB6B410014B045 /* CoreGraphics.framework */ = {isa = PBXFileReference; lastKnownFileType = wrapper.framework; name = CoreGraphics.framework; path = System/Library/Frameworks/CoreGraphics.framework; sourceTree = SDKROOT; };
		F286101B14DB6B410014B045 /* Improv-Info.plist */ = {isa = PBXFileReference; lastKnownFileType = text.plist.xml; path = "Improv-Info.plist"; sourceTree = "<group>"; };
		F286101D14DB6B410014B045 /* en */ = {isa = PBXFileReference; lastKnownFileType = text.plist.strings; name = en; path = en.lproj/InfoPlist.strings; sourceTree = "<group>"; };
		F286101F14DB6B410014B045 /* main.m */ = {isa = PBXFileReference; lastKnownFileType = sourcecode.c.objc; path = main.m; sourceTree = "<group>"; };
		F286102114DB6B410014B045 /* Improv-Prefix.pch */ = {isa = PBXFileReference; lastKnownFileType = sourcecode.c.h; path = "Improv-Prefix.pch"; sourceTree = "<group>"; };
		F286102214DB6B410014B045 /* AppDelegate.h */ = {isa = PBXFileReference; lastKnownFileType = sourcecode.c.h; path = AppDelegate.h; sourceTree = "<group>"; };
		F286102314DB6B410014B045 /* AppDelegate.m */ = {isa = PBXFileReference; lastKnownFileType = sourcecode.c.objc; path = AppDelegate.m; sourceTree = "<group>"; };
		F286102514DB6B410014B045 /* GamesTableViewController.h */ = {isa = PBXFileReference; lastKnownFileType = sourcecode.c.h; path = GamesTableViewController.h; sourceTree = "<group>"; };
		F286102614DB6B410014B045 /* GamesTableViewController.m */ = {isa = PBXFileReference; lastKnownFileType = sourcecode.c.objc; path = GamesTableViewController.m; sourceTree = "<group>"; };
		F29B4F0914E88C7700F57207 /* sliders@2x.png */ = {isa = PBXFileReference; lastKnownFileType = image.png; path = "sliders@2x.png"; sourceTree = "<group>"; };
		F29B4F0A14E88C7700F57207 /* sliders.png */ = {isa = PBXFileReference; lastKnownFileType = image.png; path = sliders.png; sourceTree = "<group>"; };
		F29B4F0F14E88D9800F57207 /* equalizer.png */ = {isa = PBXFileReference; lastKnownFileType = image.png; path = equalizer.png; sourceTree = "<group>"; };
		F29B4F1014E88D9800F57207 /* equalizer@2x.png */ = {isa = PBXFileReference; lastKnownFileType = image.png; path = "equalizer@2x.png"; sourceTree = "<group>"; };
		F29B4F1314E8913B00F57207 /* ImprovGames.plist */ = {isa = PBXFileReference; fileEncoding = 4; lastKnownFileType = text.plist.xml; path = ImprovGames.plist; sourceTree = "<group>"; };
/* End PBXFileReference section */

/* Begin PBXFrameworksBuildPhase section */
		F286100C14DB6B410014B045 /* Frameworks */ = {
			isa = PBXFrameworksBuildPhase;
			buildActionMask = 2147483647;
			files = (
				687A00AA15191371002E7CCD /* libz.dylib in Frameworks */,
				68C8872C14FD7E2100DF473B /* CoreData.framework in Frameworks */,
				F286101414DB6B410014B045 /* UIKit.framework in Frameworks */,
				F286101614DB6B410014B045 /* Foundation.framework in Frameworks */,
				F286101814DB6B410014B045 /* CoreGraphics.framework in Frameworks */,
				687A009515190FC4002E7CCD /* libTestFlight.a in Frameworks */,
			);
			runOnlyForDeploymentPostprocessing = 0;
		};
/* End PBXFrameworksBuildPhase section */

/* Begin PBXGroup section */
		68794D0014FDFB1E00E33F88 /* PlayButton */ = {
			isa = PBXGroup;
			children = (
				683B157B1516BBF10033B784 /* glossyButton-normal-greyscale@2x.png */,
				683B157D1516CEEE0033B784 /* glossyButton-highlighted-greyscale@2x.png */,
				68794D0D14FE003800E33F88 /* glossyButton-disabled.png */,
				68794D0E14FE003800E33F88 /* glossyButton-disabled@2x.png */,
				68794D0F14FE003800E33F88 /* glossyButton-highlighted.png */,
				68794D1014FE003800E33F88 /* glossyButton-highlighted@2x.png */,
				68794D1114FE003800E33F88 /* glossyButton-normal.png */,
				68794D1214FE003800E33F88 /* glossyButton-normal@2x.png */,
			);
			name = PlayButton;
			sourceTree = "<group>";
		};
		687A009015190FC4002E7CCD /* TestFlightSDK0.8.3 */ = {
			isa = PBXGroup;
			children = (
				687A009115190FC4002E7CCD /* libTestFlight.a */,
				687A009215190FC4002E7CCD /* README.txt */,
				687A009315190FC4002E7CCD /* release_notes.txt */,
				687A009415190FC4002E7CCD /* TestFlight.h */,
			);
			path = TestFlightSDK0.8.3;
			sourceTree = "<group>";
		};
		687E1FC81506B444000E4D68 /* Custom Cells */ = {
			isa = PBXGroup;
			children = (
				68C886C314FD718C00DF473B /* ImprovTableViewCell.h */,
				68C886C414FD718C00DF473B /* ImprovTableViewCell.m */,
			);
			name = "Custom Cells";
			sourceTree = "<group>";
		};
		688299AB15156F5C00EFAB03 /* ActorsNightmare */ = {
			isa = PBXGroup;
			children = (
				688299B115156FDA00EFAB03 /* Actor'sNightmare.png */,
				688299B51515703B00EFAB03 /* Actor'sNightmare@2x.png */,
				688299D11515724E00EFAB03 /* Actor'sNightmare-white.png */,
				688299AE15156FCB00EFAB03 /* Actor'sNightmare-white@2x.png */,
			);
			name = ActorsNightmare;
			sourceTree = "<group>";
		};
		688299B7151570C500EFAB03 /* BlindLead */ = {
			isa = PBXGroup;
			children = (
				688299C01515710300EFAB03 /* BlindLead.png */,
				688299C11515710300EFAB03 /* BlindLead@2x.png */,
				688299B8151570D600EFAB03 /* BlindLead-white.png */,
				688299CD151571F900EFAB03 /* BlindLead@2x.png */,
			);
			name = BlindLead;
			sourceTree = "<group>";
		};
		688299C41515718300EFAB03 /* MakeMoreInteresting */ = {
			isa = PBXGroup;
			children = (
				688299C51515718C00EFAB03 /* MakeMoreInteresting-white.png */,
				688299C61515718C00EFAB03 /* MakeMoreInteresting-white@2x.png */,
				688299C9151571A700EFAB03 /* MakeMoreInteresting.png */,
				688299CF1515721100EFAB03 /* MakeMoreInteresting@2x.png */,
			);
			name = MakeMoreInteresting;
			sourceTree = "<group>";
		};
		688299D31515736700EFAB03 /* SimpleContinuation */ = {
			isa = PBXGroup;
			children = (
				68F98B6E15157A5A00D4950C /* SimpleContinuation.png */,
				688299D9151573A300EFAB03 /* SimpleContinuation@2x.png */,
				688299DC151573B500EFAB03 /* SimpleContinuation-white.png */,
				688299DD151573B500EFAB03 /* SimpleContinuation-white@2x.png */,
			);
			name = SimpleContinuation;
			sourceTree = "<group>";
		};
		688299D41515736E00EFAB03 /* Switcheroo */ = {
			isa = PBXGroup;
			children = (
				688299E41515740100EFAB03 /* Switcheroo-white.png */,
				688299E51515740100EFAB03 /* Switcheroo-white@2x.png */,
				688299E0151573F200EFAB03 /* Switcheroo.png */,
				688299E1151573F200EFAB03 /* Switcheroo@2x.png */,
			);
			name = Switcheroo;
			sourceTree = "<group>";
		};
		688299D51515738300EFAB03 /* AdjectiveScene */ = {
			isa = PBXGroup;
			children = (
				68F98B5A151576F800D4950C /* AdjectiveScene-white.png */,
				68F98B5B151576F800D4950C /* AdjectiveScene-white@2x.png */,
				68F98B55151576E500D4950C /* AdjectiveScene.png */,
				68F98B56151576E500D4950C /* AdjectiveScene@2x.png */,
			);
			name = AdjectiveScene;
			sourceTree = "<group>";
		};
		688299D61515738800EFAB03 /* Aerobics */ = {
			isa = PBXGroup;
			children = (
				68F98B621515774F00D4950C /* Aerobics-white.png */,
				68F98B631515774F00D4950C /* Aerobics-white@2x.png */,
				68F98B5E1515773F00D4950C /* Aerobics.png */,
				68F98B5F1515773F00D4950C /* Aerobics@2x.png */,
			);
			name = Aerobics;
			sourceTree = "<group>";
		};
		688299D71515738B00EFAB03 /* ThreeRules */ = {
			isa = PBXGroup;
			children = (
				68F98B6A1515795F00D4950C /* ThreeRules.png */,
				68F98B6B1515795F00D4950C /* ThreeRules@2x.png */,
				68F98B661515794700D4950C /* ThreeRules-white.png */,
				68F98B671515794700D4950C /* ThreeRules-white@2x.png */,
			);
			name = ThreeRules;
			sourceTree = "<group>";
		};
		68B97FCA151152A2005855E9 /* ActionSyllables */ = {
			isa = PBXGroup;
			children = (
				68C8874914FD8E3800DF473B /* ActionSyllables.png */,
				68C8874A14FD8E3800DF473B /* ActionSyllables@2x.png */,
				68B97FC51511527D005855E9 /* ActionSyllables-white.png */,
				68B97FC61511527D005855E9 /* ActionSyllables-white@2x.png */,
			);
			name = ActionSyllables;
			sourceTree = "<group>";
		};
		68B97FCB151152AE005855E9 /* 10fingers */ = {
			isa = PBXGroup;
			children = (
				68794D2914FE0A8700E33F88 /* 10fingers.png */,
				68794D2A14FE0A8800E33F88 /* 10fingers@2x.png */,
			);
			name = 10fingers;
			sourceTree = "<group>";
		};
		68B97FCC151152C2005855E9 /* 3some */ = {
			isa = PBXGroup;
			children = (
				68B97FD01511532A005855E9 /* 3some-white.png */,
				68B97FD11511532A005855E9 /* 3some-white@2x.png */,
				68C8873D14FD8D3700DF473B /* 3some.png */,
				68C8873E14FD8D3800DF473B /* 3some@2x.png */,
			);
			name = 3some;
			sourceTree = "<group>";
		};
		68B97FCD151152C7005855E9 /* AcceptingCircle */ = {
			isa = PBXGroup;
			children = (
				68B97FD415115344005855E9 /* AcceptingCircle-white.png */,
				68B97FD515115344005855E9 /* AcceptingCircle-white@2x.png */,
				68C8874114FD8DB200DF473B /* AcceptingCircle.png */,
				68C8874214FD8DB200DF473B /* AcceptingCircle@2x.png */,
			);
			name = AcceptingCircle;
			sourceTree = "<group>";
		};
		68B97FCE151152DD005855E9 /* 3series */ = {
			isa = PBXGroup;
			children = (
				68B97FDA15115711005855E9 /* 3series-white.png */,
				68B97FDB15115711005855E9 /* 3series-white@2x.png */,
				68C8873914FD8D1100DF473B /* 3series.png */,
				68C8873A14FD8D1100DF473B /* 3series@2x.png */,
			);
			name = 3series;
			sourceTree = "<group>";
		};
		68B97FCF151152F5005855E9 /* Narrative */ = {
			isa = PBXGroup;
			children = (
				68794D2514FE09DC00E33F88 /* Narrative.png */,
				68794D2614FE09DC00E33F88 /* Narrative@2x.png */,
			);
			name = Narrative;
			sourceTree = "<group>";
		};
		68C8873314FD7E7B00DF473B /* Model */ = {
			isa = PBXGroup;
			children = (
				68FF8C8C1512C75800D714B0 /* Suggestions.plist */,
				F29B4F1314E8913B00F57207 /* ImprovGames.plist */,
				68C886D214FD7B5300DF473B /* ImprovModel.xcdatamodeld */,
				68FF8C8E1512C88200D714B0 /* Suggestion.h */,
				68FF8C8F1512C88200D714B0 /* Suggestion.m */,
				687BD9A315112A2700C4EAB0 /* Tag.h */,
				687BD9A415112A2700C4EAB0 /* Tag.m */,
				687BD9A015112A2700C4EAB0 /* Game.h */,
				687BD9A115112A2700C4EAB0 /* Game.m */,
			);
			name = Model;
			sourceTree = "<group>";
		};
		68C8873414FD8B0200DF473B /* Game Icons */ = {
			isa = PBXGroup;
			children = (
				688299D71515738B00EFAB03 /* ThreeRules */,
				688299D61515738800EFAB03 /* Aerobics */,
				688299D51515738300EFAB03 /* AdjectiveScene */,
				688299D41515736E00EFAB03 /* Switcheroo */,
				688299D31515736700EFAB03 /* SimpleContinuation */,
				688299C41515718300EFAB03 /* MakeMoreInteresting */,
				688299B7151570C500EFAB03 /* BlindLead */,
				688299AB15156F5C00EFAB03 /* ActorsNightmare */,
				68B97FCC151152C2005855E9 /* 3some */,
				68B97FCE151152DD005855E9 /* 3series */,
				68B97FCB151152AE005855E9 /* 10fingers */,
				68B97FCD151152C7005855E9 /* AcceptingCircle */,
				68B97FCA151152A2005855E9 /* ActionSyllables */,
				68B97FCF151152F5005855E9 /* Narrative */,
			);
			name = "Game Icons";
			sourceTree = "<group>";
		};
		68FF8AEB1512BF3D00D714B0 /* Libraries */ = {
			isa = PBXGroup;
			children = (
				687A009015190FC4002E7CCD /* TestFlightSDK0.8.3 */,
				68FF8C8B1512C72800D714B0 /* TKAlertCenter */,
			);
			name = Libraries;
			path = Improv;
			sourceTree = "<group>";
		};
		68FF8C8B1512C72800D714B0 /* TKAlertCenter */ = {
			isa = PBXGroup;
			children = (
				68FF8C881512C4E400D714B0 /* UIView+TKCategory.h */,
				68FF8C891512C4E400D714B0 /* UIView+TKCategory.m */,
				68FF8C851512C4B500D714B0 /* TKAlertCenter.h */,
				68FF8C861512C4B500D714B0 /* TKAlertCenter.m */,
			);
			name = TKAlertCenter;
			sourceTree = "<group>";
		};
		F286100414DB6B410014B045 = {
			isa = PBXGroup;
			children = (
				687A00A915191371002E7CCD /* libz.dylib */,
				687A00A715191201002E7CCD /* Entitlements.plist */,
				68FF8AEB1512BF3D00D714B0 /* Libraries */,
				68C8872B14FD7E2100DF473B /* CoreData.framework */,
				F286101914DB6B410014B045 /* Improv */,
				F286101214DB6B410014B045 /* Frameworks */,
				F286101014DB6B410014B045 /* Products */,
			);
			sourceTree = "<group>";
		};
		F286101014DB6B410014B045 /* Products */ = {
			isa = PBXGroup;
			children = (
				F286100F14DB6B410014B045 /* Improv.app */,
			);
			name = Products;
			sourceTree = "<group>";
		};
		F286101214DB6B410014B045 /* Frameworks */ = {
			isa = PBXGroup;
			children = (
				F286101314DB6B410014B045 /* UIKit.framework */,
				F286101514DB6B410014B045 /* Foundation.framework */,
				F286101714DB6B410014B045 /* CoreGraphics.framework */,
			);
			name = Frameworks;
			sourceTree = "<group>";
		};
		F286101914DB6B410014B045 /* Improv */ = {
			isa = PBXGroup;
			children = (
				68C8873314FD7E7B00DF473B /* Model */,
				687E1FC81506B444000E4D68 /* Custom Cells */,
				F286102214DB6B410014B045 /* AppDelegate.h */,
				F286102314DB6B410014B045 /* AppDelegate.m */,
				F286102514DB6B410014B045 /* GamesTableViewController.h */,
				F286102614DB6B410014B045 /* GamesTableViewController.m */,
				68D133561534CF2F0047FE16 /* ImprovSingleton.h */,
				68D133571534CF2F0047FE16 /* ImprovSingleton.m */,
				68FF8ADD1512B86200D714B0 /* FiltersTableViewController.h */,
				68FF8ADE1512B86200D714B0 /* FiltersTableViewController.m */,
				68794CF514FDEC4800E33F88 /* GameInfoTableViewController.h */,
				68794CF614FDEC4800E33F88 /* GameInfoTableViewController.m */,
				F286101A14DB6B410014B045 /* Supporting Files */,
			);
			path = Improv;
			sourceTree = "<group>";
		};
		F286101A14DB6B410014B045 /* Supporting Files */ = {
			isa = PBXGroup;
			children = (
				68C8873414FD8B0200DF473B /* Game Icons */,
				F29B4F0514E88C6C00F57207 /* Images */,
				F286101B14DB6B410014B045 /* Improv-Info.plist */,
				F286101C14DB6B410014B045 /* InfoPlist.strings */,
				F286101F14DB6B410014B045 /* main.m */,
				F286102114DB6B410014B045 /* Improv-Prefix.pch */,
			);
			name = "Supporting Files";
			sourceTree = "<group>";
		};
		F29B4F0514E88C6C00F57207 /* Images */ = {
			isa = PBXGroup;
			children = (
				68082F601512F5B300102582 /* profession.png */,
				68082F611512F5B300102582 /* profession@2x.png */,
				68082F501512F33300102582 /* relationship.png */,
				68082F511512F33300102582 /* relationship@2x.png */,
				68082F581512F3E100102582 /* location.png */,
				68082F591512F3E100102582 /* location@2x.png */,
				68B97FD815115375005855E9 /* furley_bg.png */,
				68800A3214FF186200C99605 /* lightbulb.png */,
				68800A3314FF186300C99605 /* lightbulb@2x.png */,
				68800A3014FF181C00C99605 /* filter.png */,
				68800A2914FF17AC00C99605 /* filter@2x.png */,
				68800A1914FF157500C99605 /* random.png */,
				68800A1A14FF157500C99605 /* random@2x.png */,
				68794D0014FDFB1E00E33F88 /* PlayButton */,
				68794CFC14FDF67A00E33F88 /* test2.png */,
				68794CFD14FDF67A00E33F88 /* test.png */,
				F280FE4314E89D6E00C7C7A0 /* lamp.png */,
				F280FE4414E89D6E00C7C7A0 /* lamp@2x.png */,
				F29B4F0F14E88D9800F57207 /* equalizer.png */,
				F29B4F1014E88D9800F57207 /* equalizer@2x.png */,
				F29B4F0914E88C7700F57207 /* sliders@2x.png */,
				F29B4F0A14E88C7700F57207 /* sliders.png */,
			);
			name = Images;
			sourceTree = "<group>";
		};
/* End PBXGroup section */

/* Begin PBXNativeTarget section */
		F286100E14DB6B410014B045 /* Improv */ = {
			isa = PBXNativeTarget;
			buildConfigurationList = F286102D14DB6B410014B045 /* Build configuration list for PBXNativeTarget "Improv" */;
			buildPhases = (
				F286100B14DB6B410014B045 /* Sources */,
				F286100C14DB6B410014B045 /* Frameworks */,
				F286100D14DB6B410014B045 /* Resources */,
			);
			buildRules = (
			);
			dependencies = (
			);
			name = Improv;
			productName = Improv;
			productReference = F286100F14DB6B410014B045 /* Improv.app */;
			productType = "com.apple.product-type.application";
		};
/* End PBXNativeTarget section */

/* Begin PBXProject section */
		F286100614DB6B410014B045 /* Project object */ = {
			isa = PBXProject;
			attributes = {
				LastUpgradeCheck = 0420;
				ORGANIZATIONNAME = Lickability;
			};
			buildConfigurationList = F286100914DB6B410014B045 /* Build configuration list for PBXProject "Improv" */;
			compatibilityVersion = "Xcode 3.2";
			developmentRegion = English;
			hasScannedForEncodings = 0;
			knownRegions = (
				en,
			);
			mainGroup = F286100414DB6B410014B045;
			productRefGroup = F286101014DB6B410014B045 /* Products */;
			projectDirPath = "";
			projectRoot = "";
			targets = (
				F286100E14DB6B410014B045 /* Improv */,
			);
		};
/* End PBXProject section */

/* Begin PBXResourcesBuildPhase section */
		F286100D14DB6B410014B045 /* Resources */ = {
			isa = PBXResourcesBuildPhase;
			buildActionMask = 2147483647;
			files = (
				F286101E14DB6B410014B045 /* InfoPlist.strings in Resources */,
				F29B4F0D14E88C7700F57207 /* sliders@2x.png in Resources */,
				F29B4F0E14E88C7700F57207 /* sliders.png in Resources */,
				F29B4F1114E88D9900F57207 /* equalizer.png in Resources */,
				F29B4F1214E88D9900F57207 /* equalizer@2x.png in Resources */,
				F29B4F1414E8913B00F57207 /* ImprovGames.plist in Resources */,
				F280FE4514E89D6E00C7C7A0 /* lamp.png in Resources */,
				F280FE4614E89D6E00C7C7A0 /* lamp@2x.png in Resources */,
				68C8873B14FD8D1100DF473B /* 3series.png in Resources */,
				68C8873C14FD8D1100DF473B /* 3series@2x.png in Resources */,
				68C8873F14FD8D3800DF473B /* 3some.png in Resources */,
				68C8874014FD8D3800DF473B /* 3some@2x.png in Resources */,
				68C8874314FD8DB300DF473B /* AcceptingCircle.png in Resources */,
				68C8874414FD8DB300DF473B /* AcceptingCircle@2x.png in Resources */,
				68C8874B14FD8E3900DF473B /* ActionSyllables.png in Resources */,
				68C8874C14FD8E3900DF473B /* ActionSyllables@2x.png in Resources */,
				68794CFE14FDF67A00E33F88 /* test2.png in Resources */,
				68794CFF14FDF67A00E33F88 /* test.png in Resources */,
				68794D1314FE003800E33F88 /* glossyButton-disabled.png in Resources */,
				68794D1414FE003800E33F88 /* glossyButton-disabled@2x.png in Resources */,
				68794D1514FE003800E33F88 /* glossyButton-highlighted.png in Resources */,
				68794D1614FE003800E33F88 /* glossyButton-highlighted@2x.png in Resources */,
				68794D1714FE003800E33F88 /* glossyButton-normal.png in Resources */,
				68794D1814FE003800E33F88 /* glossyButton-normal@2x.png in Resources */,
				68794D2714FE09DC00E33F88 /* Narrative.png in Resources */,
				68794D2814FE09DC00E33F88 /* Narrative@2x.png in Resources */,
				68794D2B14FE0A8800E33F88 /* 10fingers.png in Resources */,
				68794D2C14FE0A8800E33F88 /* 10fingers@2x.png in Resources */,
				68800A1B14FF157500C99605 /* random.png in Resources */,
				68800A1C14FF157500C99605 /* random@2x.png in Resources */,
				68800A2B14FF17AC00C99605 /* filter@2x.png in Resources */,
				68800A3114FF181C00C99605 /* filter.png in Resources */,
				68800A3414FF186500C99605 /* lightbulb.png in Resources */,
				68800A3514FF186500C99605 /* lightbulb@2x.png in Resources */,
				68B97FC71511527D005855E9 /* ActionSyllables-white.png in Resources */,
				68B97FC81511527D005855E9 /* ActionSyllables-white@2x.png in Resources */,
				68B97FD21511532A005855E9 /* 3some-white.png in Resources */,
				68B97FD31511532A005855E9 /* 3some-white@2x.png in Resources */,
				68B97FD615115344005855E9 /* AcceptingCircle-white.png in Resources */,
				68B97FD715115344005855E9 /* AcceptingCircle-white@2x.png in Resources */,
				68B97FD915115375005855E9 /* furley_bg.png in Resources */,
				68B97FDC15115711005855E9 /* 3series-white.png in Resources */,
				68B97FDD15115711005855E9 /* 3series-white@2x.png in Resources */,
				68FF8C8D1512C75800D714B0 /* Suggestions.plist in Resources */,
				68082F521512F33300102582 /* relationship.png in Resources */,
				68082F531512F33300102582 /* relationship@2x.png in Resources */,
				68082F5A1512F3E100102582 /* location.png in Resources */,
				68082F5B1512F3E100102582 /* location@2x.png in Resources */,
				68082F621512F5B300102582 /* profession.png in Resources */,
				68082F631512F5B300102582 /* profession@2x.png in Resources */,
				688299B015156FCB00EFAB03 /* Actor'sNightmare-white@2x.png in Resources */,
				688299B315156FDA00EFAB03 /* Actor'sNightmare.png in Resources */,
				688299B61515703B00EFAB03 /* Actor'sNightmare@2x.png in Resources */,
				688299BA151570D600EFAB03 /* BlindLead-white.png in Resources */,
				688299C21515710300EFAB03 /* BlindLead.png in Resources */,
				688299C31515710300EFAB03 /* BlindLead@2x.png in Resources */,
				688299C71515718C00EFAB03 /* MakeMoreInteresting-white.png in Resources */,
				688299C81515718C00EFAB03 /* MakeMoreInteresting-white@2x.png in Resources */,
				688299CB151571A700EFAB03 /* MakeMoreInteresting.png in Resources */,
				688299CE151571F900EFAB03 /* BlindLead@2x.png in Resources */,
				688299D01515721100EFAB03 /* MakeMoreInteresting@2x.png in Resources */,
				688299D21515724E00EFAB03 /* Actor'sNightmare-white.png in Resources */,
				688299DB151573A300EFAB03 /* SimpleContinuation@2x.png in Resources */,
				688299DE151573B600EFAB03 /* SimpleContinuation-white.png in Resources */,
				688299DF151573B600EFAB03 /* SimpleContinuation-white@2x.png in Resources */,
				688299E2151573F200EFAB03 /* Switcheroo.png in Resources */,
				688299E3151573F200EFAB03 /* Switcheroo@2x.png in Resources */,
				688299E61515740100EFAB03 /* Switcheroo-white.png in Resources */,
				688299E71515740100EFAB03 /* Switcheroo-white@2x.png in Resources */,
				68F98B57151576E500D4950C /* AdjectiveScene.png in Resources */,
				68F98B58151576E500D4950C /* AdjectiveScene@2x.png in Resources */,
				68F98B5C151576F800D4950C /* AdjectiveScene-white.png in Resources */,
				68F98B5D151576F800D4950C /* AdjectiveScene-white@2x.png in Resources */,
				68F98B601515773F00D4950C /* Aerobics.png in Resources */,
				68F98B611515773F00D4950C /* Aerobics@2x.png in Resources */,
				68F98B641515774F00D4950C /* Aerobics-white.png in Resources */,
				68F98B651515774F00D4950C /* Aerobics-white@2x.png in Resources */,
				68F98B681515794700D4950C /* ThreeRules-white.png in Resources */,
				68F98B691515794700D4950C /* ThreeRules-white@2x.png in Resources */,
				68F98B6C1515795F00D4950C /* ThreeRules.png in Resources */,
				68F98B6D1515795F00D4950C /* ThreeRules@2x.png in Resources */,
				68F98B6F15157A5A00D4950C /* SimpleContinuation.png in Resources */,
				683B157C1516BBF20033B784 /* glossyButton-normal-greyscale@2x.png in Resources */,
				683B157E1516CEEE0033B784 /* glossyButton-highlighted-greyscale@2x.png in Resources */,
				687A009615190FC4002E7CCD /* README.txt in Resources */,
				687A009715190FC4002E7CCD /* release_notes.txt in Resources */,
				687A00A815191201002E7CCD /* Entitlements.plist in Resources */,
			);
			runOnlyForDeploymentPostprocessing = 0;
		};
/* End PBXResourcesBuildPhase section */

/* Begin PBXSourcesBuildPhase section */
		F286100B14DB6B410014B045 /* Sources */ = {
			isa = PBXSourcesBuildPhase;
			buildActionMask = 2147483647;
			files = (
				F286102014DB6B410014B045 /* main.m in Sources */,
				F286102414DB6B410014B045 /* AppDelegate.m in Sources */,
				F286102714DB6B410014B045 /* GamesTableViewController.m in Sources */,
				68C886C514FD718C00DF473B /* ImprovTableViewCell.m in Sources */,
				68C886D414FD7B5300DF473B /* ImprovModel.xcdatamodeld in Sources */,
				68794CF714FDEC4900E33F88 /* GameInfoTableViewController.m in Sources */,
				687BD9A215112A2700C4EAB0 /* Game.m in Sources */,
				687BD9A515112A2700C4EAB0 /* Tag.m in Sources */,
				68FF8ADF1512B86200D714B0 /* FiltersTableViewController.m in Sources */,
				68FF8C871512C4B500D714B0 /* TKAlertCenter.m in Sources */,
				68FF8C8A1512C4E400D714B0 /* UIView+TKCategory.m in Sources */,
				68FF8C901512C88200D714B0 /* Suggestion.m in Sources */,
				68D133581534CF2F0047FE16 /* ImprovSingleton.m in Sources */,
			);
			runOnlyForDeploymentPostprocessing = 0;
		};
/* End PBXSourcesBuildPhase section */

/* Begin PBXVariantGroup section */
		F286101C14DB6B410014B045 /* InfoPlist.strings */ = {
			isa = PBXVariantGroup;
			children = (
				F286101D14DB6B410014B045 /* en */,
			);
			name = InfoPlist.strings;
			sourceTree = "<group>";
		};
/* End PBXVariantGroup section */

/* Begin XCBuildConfiguration section */
		687A009915190FEF002E7CCD /* Beta */ = {
			isa = XCBuildConfiguration;
			buildSettings = {
				ALWAYS_SEARCH_USER_PATHS = NO;
				ARCHS = "$(ARCHS_STANDARD_32_BIT)";
				CLANG_ENABLE_OBJC_ARC = YES;
				"CODE_SIGN_IDENTITY[sdk=iphoneos*]" = "iPhone Developer";
				COPY_PHASE_STRIP = YES;
				EXCLUDED_SOURCE_FILE_NAMES = "";
				GCC_C_LANGUAGE_STANDARD = gnu99;
				GCC_PREPROCESSOR_DEFINITIONS = "CONFIGURATION_$(CONFIGURATION)";
				GCC_VERSION = com.apple.compilers.llvm.clang.1_0;
				GCC_WARN_ABOUT_MISSING_PROTOTYPES = YES;
				GCC_WARN_ABOUT_RETURN_TYPE = YES;
				GCC_WARN_UNUSED_VARIABLE = YES;
				IPHONEOS_DEPLOYMENT_TARGET = 5.0;
				OTHER_CFLAGS = "-DNS_BLOCK_ASSERTIONS=1";
				SDKROOT = iphoneos;
				VALIDATE_PRODUCT = YES;
			};
			name = Beta;
		};
		687A009A15190FEF002E7CCD /* Beta */ = {
			isa = XCBuildConfiguration;
			buildSettings = {
				GCC_PRECOMPILE_PREFIX_HEADER = YES;
				GCC_PREFIX_HEADER = "Improv/Improv-Prefix.pch";
				INFOPLIST_FILE = "Improv/Improv-Info.plist";
				LIBRARY_SEARCH_PATHS = (
					"$(inherited)",
					"\"$(SRCROOT)/Improv/TestFlightSDK0.8.3\"",
				);
				PRODUCT_NAME = "$(TARGET_NAME)";
				WRAPPER_EXTENSION = app;
			};
			name = Beta;
		};
		F286102B14DB6B410014B045 /* Debug */ = {
			isa = XCBuildConfiguration;
			buildSettings = {
				ALWAYS_SEARCH_USER_PATHS = NO;
				ARCHS = "$(ARCHS_STANDARD_32_BIT)";
				CLANG_ENABLE_OBJC_ARC = YES;
				"CODE_SIGN_IDENTITY[sdk=iphoneos*]" = "iPhone Developer";
				COPY_PHASE_STRIP = NO;
				EXCLUDED_SOURCE_FILE_NAMES = "";
				GCC_C_LANGUAGE_STANDARD = gnu99;
				GCC_DYNAMIC_NO_PIC = NO;
				GCC_OPTIMIZATION_LEVEL = 0;
				GCC_PREPROCESSOR_DEFINITIONS = "CONFIGURATION_$(CONFIGURATION)";
				GCC_SYMBOLS_PRIVATE_EXTERN = NO;
				GCC_VERSION = com.apple.compilers.llvm.clang.1_0;
				GCC_WARN_ABOUT_MISSING_PROTOTYPES = YES;
				GCC_WARN_ABOUT_RETURN_TYPE = YES;
				GCC_WARN_UNUSED_VARIABLE = YES;
				IPHONEOS_DEPLOYMENT_TARGET = 5.0;
				SDKROOT = iphoneos;
			};
			name = Debug;
		};
		F286102C14DB6B410014B045 /* Release */ = {
			isa = XCBuildConfiguration;
			buildSettings = {
				ALWAYS_SEARCH_USER_PATHS = NO;
				ARCHS = "$(ARCHS_STANDARD_32_BIT)";
				CLANG_ENABLE_OBJC_ARC = YES;
				"CODE_SIGN_IDENTITY[sdk=iphoneos*]" = "iPhone Developer";
				COPY_PHASE_STRIP = YES;
				EXCLUDED_SOURCE_FILE_NAMES = "*libTestFlight.a";
				GCC_C_LANGUAGE_STANDARD = gnu99;
				GCC_PREPROCESSOR_DEFINITIONS = "CONFIGURATION_$(CONFIGURATION)";
				GCC_VERSION = com.apple.compilers.llvm.clang.1_0;
				GCC_WARN_ABOUT_MISSING_PROTOTYPES = YES;
				GCC_WARN_ABOUT_RETURN_TYPE = YES;
				GCC_WARN_UNUSED_VARIABLE = YES;
				IPHONEOS_DEPLOYMENT_TARGET = 5.0;
				OTHER_CFLAGS = "-DNS_BLOCK_ASSERTIONS=1";
				SDKROOT = iphoneos;
				VALIDATE_PRODUCT = YES;
			};
			name = Release;
		};
		F286102E14DB6B410014B045 /* Debug */ = {
			isa = XCBuildConfiguration;
			buildSettings = {
				GCC_PRECOMPILE_PREFIX_HEADER = YES;
				GCC_PREFIX_HEADER = "Improv/Improv-Prefix.pch";
				INFOPLIST_FILE = "Improv/Improv-Info.plist";
				LIBRARY_SEARCH_PATHS = (
					"$(inherited)",
					"\"$(SRCROOT)/Improv/TestFlightSDK0.8.3\"",
				);
				PRODUCT_NAME = "$(TARGET_NAME)";
				WRAPPER_EXTENSION = app;
			};
			name = Debug;
		};
		F286102F14DB6B410014B045 /* Release */ = {
			isa = XCBuildConfiguration;
			buildSettings = {
				GCC_PRECOMPILE_PREFIX_HEADER = YES;
				GCC_PREFIX_HEADER = "Improv/Improv-Prefix.pch";
				INFOPLIST_FILE = "Improv/Improv-Info.plist";
				LIBRARY_SEARCH_PATHS = (
					"$(inherited)",
					"\"$(SRCROOT)/Improv/TestFlightSDK0.8.3\"",
				);
				PRODUCT_NAME = "$(TARGET_NAME)";
				WRAPPER_EXTENSION = app;
			};
			name = Release;
		};
/* End XCBuildConfiguration section */

/* Begin XCConfigurationList section */
		F286100914DB6B410014B045 /* Build configuration list for PBXProject "Improv" */ = {
			isa = XCConfigurationList;
			buildConfigurations = (
				F286102B14DB6B410014B045 /* Debug */,
				F286102C14DB6B410014B045 /* Release */,
				687A009915190FEF002E7CCD /* Beta */,
			);
			defaultConfigurationIsVisible = 0;
			defaultConfigurationName = Release;
		};
		F286102D14DB6B410014B045 /* Build configuration list for PBXNativeTarget "Improv" */ = {
			isa = XCConfigurationList;
			buildConfigurations = (
				F286102E14DB6B410014B045 /* Debug */,
				F286102F14DB6B410014B045 /* Release */,
				687A009A15190FEF002E7CCD /* Beta */,
			);
			defaultConfigurationIsVisible = 0;
			defaultConfigurationName = Release;
		};
/* End XCConfigurationList section */

/* Begin XCVersionGroup section */
		68C886D214FD7B5300DF473B /* ImprovModel.xcdatamodeld */ = {
			isa = XCVersionGroup;
			children = (
				68C886D314FD7B5300DF473B /* ImprovModel.xcdatamodel */,
			);
			currentVersion = 68C886D314FD7B5300DF473B /* ImprovModel.xcdatamodel */;
			path = ImprovModel.xcdatamodeld;
			sourceTree = SOURCE_ROOT;
			versionGroupType = wrapper.xcdatamodel;
		};
/* End XCVersionGroup section */
	};
	rootObject = F286100614DB6B410014B045 /* Project object */;
}
